// !$*UTF8*$!
{
	archiveVersion = 1;
	classes = {
	};
	objectVersion = 52;
	objects = {

/* Begin PBXBuildFile section */
		BB13A3A926BAAC4400E0A7D5 /* HomeView.swift in Sources */ = {isa = PBXBuildFile; fileRef = BB13A3A826BAAC4400E0A7D5 /* HomeView.swift */; };
		BB13A3AC26BAAD5A00E0A7D5 /* HomeViewModel.swift in Sources */ = {isa = PBXBuildFile; fileRef = BB13A3AB26BAAD5A00E0A7D5 /* HomeViewModel.swift */; };
		BB13A3AF26BAB3B300E0A7D5 /* Lesson.swift in Sources */ = {isa = PBXBuildFile; fileRef = BB13A3AE26BAB3B300E0A7D5 /* Lesson.swift */; };
		BB13A3B126BAB45500E0A7D5 /* LessonNode.swift in Sources */ = {isa = PBXBuildFile; fileRef = BB13A3B026BAB45500E0A7D5 /* LessonNode.swift */; };
		BB13A3B326BABDC400E0A7D5 /* LessonItemCell.swift in Sources */ = {isa = PBXBuildFile; fileRef = BB13A3B226BABDC400E0A7D5 /* LessonItemCell.swift */; };
		BB13A3B526BABF0800E0A7D5 /* LessonsList.swift in Sources */ = {isa = PBXBuildFile; fileRef = BB13A3B426BABF0800E0A7D5 /* LessonsList.swift */; };
		BB13A3B726BABF8100E0A7D5 /* ThemesGrid.swift in Sources */ = {isa = PBXBuildFile; fileRef = BB13A3B626BABF8100E0A7D5 /* ThemesGrid.swift */; };
		BB13A3BA26BAE03100E0A7D5 /* ThemeDetails.swift in Sources */ = {isa = PBXBuildFile; fileRef = BB13A3B926BAE03100E0A7D5 /* ThemeDetails.swift */; };
		BB13A3BE26BAE09600E0A7D5 /* ThemeDetailsViewModel.swift in Sources */ = {isa = PBXBuildFile; fileRef = BB13A3BD26BAE09600E0A7D5 /* ThemeDetailsViewModel.swift */; };
		BB1F1CD7268701B400663EEC /* AppDelegate.swift in Sources */ = {isa = PBXBuildFile; fileRef = BB1F1CD6268701B400663EEC /* AppDelegate.swift */; };
		BB1F1CE3268701B500663EEC /* LaunchScreen.storyboard in Resources */ = {isa = PBXBuildFile; fileRef = BB1F1CE1268701B500663EEC /* LaunchScreen.storyboard */; };
		BB1F1CEE268701B500663EEC /* Teacher_WorkoutTests.swift in Sources */ = {isa = PBXBuildFile; fileRef = BB1F1CED268701B500663EEC /* Teacher_WorkoutTests.swift */; };
		BB1F1CF9268701B500663EEC /* Teacher_WorkoutUITests.swift in Sources */ = {isa = PBXBuildFile; fileRef = BB1F1CF8268701B500663EEC /* Teacher_WorkoutUITests.swift */; };
		BB29A3DE26876C4F0063C1A4 /* AppStrings.swift in Sources */ = {isa = PBXBuildFile; fileRef = BB29A3DD26876C4F0063C1A4 /* AppStrings.swift */; };
		BB29A3E226876C800063C1A4 /* Localizable.strings in Resources */ = {isa = PBXBuildFile; fileRef = BB29A3E426876C800063C1A4 /* Localizable.strings */; };
		BB29A3E7268772B60063C1A4 /* DiscoverCoordinator.swift in Sources */ = {isa = PBXBuildFile; fileRef = BB29A3E6268772B60063C1A4 /* DiscoverCoordinator.swift */; };
		BB29A3E9268773FC0063C1A4 /* HomeCoordinator.swift in Sources */ = {isa = PBXBuildFile; fileRef = BB29A3E8268773FC0063C1A4 /* HomeCoordinator.swift */; };
		BB29A3EB268774590063C1A4 /* ProfileCoordinator.swift in Sources */ = {isa = PBXBuildFile; fileRef = BB29A3EA268774590063C1A4 /* ProfileCoordinator.swift */; };
		BB2B8B7D26CC594100C482FD /* ResetPasswordViewModel.swift in Sources */ = {isa = PBXBuildFile; fileRef = BB2B8B7C26CC594100C482FD /* ResetPasswordViewModel.swift */; };
		BB2B8B7F26CC5A8C00C482FD /* NoticeView.swift.swift in Sources */ = {isa = PBXBuildFile; fileRef = BB2B8B7E26CC5A8C00C482FD /* NoticeView.swift.swift */; };
		BB381255268726E70008FDC6 /* Apollo in Frameworks */ = {isa = PBXBuildFile; productRef = BB381254268726E70008FDC6 /* Apollo */; };
		BB38125A268727A00008FDC6 /* DataProviderProtocol.swift in Sources */ = {isa = PBXBuildFile; fileRef = BB381259268727A00008FDC6 /* DataProviderProtocol.swift */; };
		BB38125D268728200008FDC6 /* Config.swift in Sources */ = {isa = PBXBuildFile; fileRef = BB38125C268728200008FDC6 /* Config.swift */; };
		BB38125F268728440008FDC6 /* GraphAPIService.swift in Sources */ = {isa = PBXBuildFile; fileRef = BB38125E268728440008FDC6 /* GraphAPIService.swift */; };
		BB38126326872D980008FDC6 /* ThemesQuery.graphql in Resources */ = {isa = PBXBuildFile; fileRef = BB38126226872D980008FDC6 /* ThemesQuery.graphql */; };
		BB381265268739580008FDC6 /* API.swift in Sources */ = {isa = PBXBuildFile; fileRef = BB381264268739580008FDC6 /* API.swift */; };
		BB381269268739A60008FDC6 /* LessonsQuery.graphql in Resources */ = {isa = PBXBuildFile; fileRef = BB381267268739A60008FDC6 /* LessonsQuery.graphql */; };
		BB38126C268749CC0008FDC6 /* MenuTabBarController.swift in Sources */ = {isa = PBXBuildFile; fileRef = BB38126B268749CC0008FDC6 /* MenuTabBarController.swift */; };
		BB38126E26874C930008FDC6 /* ApplicationCoordinator.swift in Sources */ = {isa = PBXBuildFile; fileRef = BB38126D26874C930008FDC6 /* ApplicationCoordinator.swift */; };
		BB38127126874CFA0008FDC6 /* Coordinator.swift in Sources */ = {isa = PBXBuildFile; fileRef = BB38127026874CFA0008FDC6 /* Coordinator.swift */; };
		BB38127626874D7D0008FDC6 /* MenuCoordinator.swift in Sources */ = {isa = PBXBuildFile; fileRef = BB38127526874D7D0008FDC6 /* MenuCoordinator.swift */; };
		BB381284268751CD0008FDC6 /* ProfileViewController.swift in Sources */ = {isa = PBXBuildFile; fileRef = BB381283268751CD0008FDC6 /* ProfileViewController.swift */; };
		BB6E990A26B9DBCB007B44F9 /* ListHeaderView.swift in Sources */ = {isa = PBXBuildFile; fileRef = BB6E990926B9DBCB007B44F9 /* ListHeaderView.swift */; };
		BB6E990C26B9DD35007B44F9 /* SearchBar.swift in Sources */ = {isa = PBXBuildFile; fileRef = BB6E990B26B9DD35007B44F9 /* SearchBar.swift */; };
		BB7699AC26875430009DF26F /* SceneDelegate.swift in Sources */ = {isa = PBXBuildFile; fileRef = BB7699AB26875430009DF26F /* SceneDelegate.swift */; };
		BBC3A21626B54418009C6DDE /* APIError.swift in Sources */ = {isa = PBXBuildFile; fileRef = BBC3A21426B54418009C6DDE /* APIError.swift */; };
		BBC3A21726B54418009C6DDE /* NetworkingConstants.swift in Sources */ = {isa = PBXBuildFile; fileRef = BBC3A21526B54418009C6DDE /* NetworkingConstants.swift */; };
		BBC3A21C26B5444E009C6DDE /* Theme.swift in Sources */ = {isa = PBXBuildFile; fileRef = BBC3A21926B5444E009C6DDE /* Theme.swift */; };
		BBC3A21D26B5444E009C6DDE /* DiscoverViewModel.swift in Sources */ = {isa = PBXBuildFile; fileRef = BBC3A21B26B5444E009C6DDE /* DiscoverViewModel.swift */; };
		BBC3A22026B545E6009C6DDE /* ThemesNode.swift in Sources */ = {isa = PBXBuildFile; fileRef = BBC3A21F26B545E6009C6DDE /* ThemesNode.swift */; };
		BBC3A22226B54988009C6DDE /* DiscoverView.swift in Sources */ = {isa = PBXBuildFile; fileRef = BBC3A22126B54988009C6DDE /* DiscoverView.swift */; };
		BBC3A22426B55BAC009C6DDE /* ThemeItemCell.swift in Sources */ = {isa = PBXBuildFile; fileRef = BBC3A22326B55BAC009C6DDE /* ThemeItemCell.swift */; };
		BBC3A22726B5789F009C6DDE /* Kingfisher in Frameworks */ = {isa = PBXBuildFile; productRef = BBC3A22626B5789F009C6DDE /* Kingfisher */; };
		DE28F3AA26A03EEA00D93BDD /* Assets.xcassets in Resources */ = {isa = PBXBuildFile; fileRef = DE28F3A926A03EEA00D93BDD /* Assets.xcassets */; };
		DE28F3BD26A043D200D93BDD /* Mulish-LightItalic.ttf in Resources */ = {isa = PBXBuildFile; fileRef = DE28F3AD26A043D100D93BDD /* Mulish-LightItalic.ttf */; };
		DE28F3BE26A043D200D93BDD /* Mulish-ExtraBoldItalic.ttf in Resources */ = {isa = PBXBuildFile; fileRef = DE28F3AE26A043D100D93BDD /* Mulish-ExtraBoldItalic.ttf */; };
		DE28F3BF26A043D200D93BDD /* Mulish-Italic.ttf in Resources */ = {isa = PBXBuildFile; fileRef = DE28F3AF26A043D100D93BDD /* Mulish-Italic.ttf */; };
		DE28F3C026A043D200D93BDD /* Mulish-Regular.ttf in Resources */ = {isa = PBXBuildFile; fileRef = DE28F3B026A043D100D93BDD /* Mulish-Regular.ttf */; };
		DE28F3C126A043D200D93BDD /* Mulish-Black.ttf in Resources */ = {isa = PBXBuildFile; fileRef = DE28F3B126A043D100D93BDD /* Mulish-Black.ttf */; };
		DE28F3C226A043D200D93BDD /* Mulish-BlackItalic.ttf in Resources */ = {isa = PBXBuildFile; fileRef = DE28F3B226A043D100D93BDD /* Mulish-BlackItalic.ttf */; };
		DE28F3C326A043D200D93BDD /* Mulish-SemiBoldItalic.ttf in Resources */ = {isa = PBXBuildFile; fileRef = DE28F3B326A043D100D93BDD /* Mulish-SemiBoldItalic.ttf */; };
		DE28F3C426A043D200D93BDD /* Mulish-ExtraLightItalic.ttf in Resources */ = {isa = PBXBuildFile; fileRef = DE28F3B426A043D100D93BDD /* Mulish-ExtraLightItalic.ttf */; };
		DE28F3C526A043D200D93BDD /* Mulish-Bold.ttf in Resources */ = {isa = PBXBuildFile; fileRef = DE28F3B526A043D100D93BDD /* Mulish-Bold.ttf */; };
		DE28F3C626A043D200D93BDD /* Mulish-Light.ttf in Resources */ = {isa = PBXBuildFile; fileRef = DE28F3B626A043D100D93BDD /* Mulish-Light.ttf */; };
		DE28F3C726A043D200D93BDD /* Mulish-ExtraBold.ttf in Resources */ = {isa = PBXBuildFile; fileRef = DE28F3B726A043D100D93BDD /* Mulish-ExtraBold.ttf */; };
		DE28F3C826A043D200D93BDD /* Mulish-ExtraLight.ttf in Resources */ = {isa = PBXBuildFile; fileRef = DE28F3B826A043D100D93BDD /* Mulish-ExtraLight.ttf */; };
		DE28F3C926A043D200D93BDD /* Mulish-Medium.ttf in Resources */ = {isa = PBXBuildFile; fileRef = DE28F3B926A043D100D93BDD /* Mulish-Medium.ttf */; };
		DE28F3CA26A043D200D93BDD /* Mulish-MediumItalic.ttf in Resources */ = {isa = PBXBuildFile; fileRef = DE28F3BA26A043D100D93BDD /* Mulish-MediumItalic.ttf */; };
		DE28F3CB26A043D200D93BDD /* Mulish-SemiBold.ttf in Resources */ = {isa = PBXBuildFile; fileRef = DE28F3BB26A043D100D93BDD /* Mulish-SemiBold.ttf */; };
		DE28F3CC26A043D200D93BDD /* Mulish-BoldItalic.ttf in Resources */ = {isa = PBXBuildFile; fileRef = DE28F3BC26A043D100D93BDD /* Mulish-BoldItalic.ttf */; };
		DE4B86CD269DBEC100D7636E /* InputFieldView.swift in Sources */ = {isa = PBXBuildFile; fileRef = DE4B86CC269DBEC100D7636E /* InputFieldView.swift */; };
		DE60B1992687376200EB01F8 /* Onboarding.storyboard in Resources */ = {isa = PBXBuildFile; fileRef = DE60B1982687376200EB01F8 /* Onboarding.storyboard */; };
		DE60B19B268745C200EB01F8 /* OnboardingViewController.swift in Sources */ = {isa = PBXBuildFile; fileRef = DE60B19A268745C200EB01F8 /* OnboardingViewController.swift */; };
		DE60B19D2687466300EB01F8 /* OnboardingHeroView.swift in Sources */ = {isa = PBXBuildFile; fileRef = DE60B19C2687466300EB01F8 /* OnboardingHeroView.swift */; };
		DE60B19F2687476200EB01F8 /* OnboardingPageViewController.swift in Sources */ = {isa = PBXBuildFile; fileRef = DE60B19E2687476200EB01F8 /* OnboardingPageViewController.swift */; };
		DE60B1A226874A2700EB01F8 /* NSObject+Extensions.swift in Sources */ = {isa = PBXBuildFile; fileRef = DE60B1A126874A2700EB01F8 /* NSObject+Extensions.swift */; };
		DE60B1A5268754CB00EB01F8 /* OnboardingViewModel.swift in Sources */ = {isa = PBXBuildFile; fileRef = DE60B1A4268754CB00EB01F8 /* OnboardingViewModel.swift */; };
		DE60B1CC26875F9F00EB01F8 /* OnboardingPage.swift in Sources */ = {isa = PBXBuildFile; fileRef = DE60B1CB26875F9F00EB01F8 /* OnboardingPage.swift */; };
		DE85640226A0521B004A83BF /* LandingPageCoordinator.swift in Sources */ = {isa = PBXBuildFile; fileRef = DE85640126A0521B004A83BF /* LandingPageCoordinator.swift */; };
		DE85640426A0525A004A83BF /* LandingPageView.swift in Sources */ = {isa = PBXBuildFile; fileRef = DE85640326A0525A004A83BF /* LandingPageView.swift */; };
		DE85640626A05AA2004A83BF /* ExistingAccountFooterView.swift in Sources */ = {isa = PBXBuildFile; fileRef = DE85640526A05AA2004A83BF /* ExistingAccountFooterView.swift */; };
		DE943E13269D8B9C00DD2EC3 /* SignInView.swift in Sources */ = {isa = PBXBuildFile; fileRef = DE943E12269D8B9C00DD2EC3 /* SignInView.swift */; };
		DE943E1B269D8CFC00DD2EC3 /* SignUpView.swift in Sources */ = {isa = PBXBuildFile; fileRef = DE943E1A269D8CFC00DD2EC3 /* SignUpView.swift */; };
		DE943E1D269D8D3800DD2EC3 /* SignInCoordinator.swift in Sources */ = {isa = PBXBuildFile; fileRef = DE943E1C269D8D3800DD2EC3 /* SignInCoordinator.swift */; };
		DE943E1F269D8D6000DD2EC3 /* SignUpCoordinator.swift in Sources */ = {isa = PBXBuildFile; fileRef = DE943E1E269D8D6000DD2EC3 /* SignUpCoordinator.swift */; };
		DE943E22269D8EB100DD2EC3 /* ResetPasswordView.swift in Sources */ = {isa = PBXBuildFile; fileRef = DE943E21269D8EB100DD2EC3 /* ResetPasswordView.swift */; };
		DE943E24269D8EC700DD2EC3 /* CreateNewPasswordView.swift in Sources */ = {isa = PBXBuildFile; fileRef = DE943E23269D8EC700DD2EC3 /* CreateNewPasswordView.swift */; };
		DE96A06A26B5454E0071188D /* SignUpFormView.swift in Sources */ = {isa = PBXBuildFile; fileRef = DE96A06926B5454E0071188D /* SignUpFormView.swift */; };
		DE96A06D26B545E40071188D /* SignUpFormViewModel.swift in Sources */ = {isa = PBXBuildFile; fileRef = DE96A06C26B545E40071188D /* SignUpFormViewModel.swift */; };
		DE96A06F26B56CF30071188D /* CheckboxFieldView.swift in Sources */ = {isa = PBXBuildFile; fileRef = DE96A06E26B56CF30071188D /* CheckboxFieldView.swift */; };
		DE9C0A912689CB3E00B6AFA0 /* OnboardingCoordinator.swift in Sources */ = {isa = PBXBuildFile; fileRef = DE9C0A902689CB3E00B6AFA0 /* OnboardingCoordinator.swift */; };
		DECD7A0B269EFA70004FE9E3 /* SignInViewModel.swift in Sources */ = {isa = PBXBuildFile; fileRef = DECD7A0A269EFA70004FE9E3 /* SignInViewModel.swift */; };
		DECD7A0D269F1179004FE9E3 /* Validator.swift in Sources */ = {isa = PBXBuildFile; fileRef = DECD7A0C269F1179004FE9E3 /* Validator.swift */; };
		DEDDCCAB269E22BE00E64AAE /* TrailingCloseButton.swift in Sources */ = {isa = PBXBuildFile; fileRef = DEDDCCAA269E22BE00E64AAE /* TrailingCloseButton.swift */; };
		DEDDCCB1269E292F00E64AAE /* Text+Styling.swift in Sources */ = {isa = PBXBuildFile; fileRef = DEDDCCB0269E292F00E64AAE /* Text+Styling.swift */; };
		DEDDCCB3269E2B5400E64AAE /* ProvidersView.swift in Sources */ = {isa = PBXBuildFile; fileRef = DEDDCCB2269E2B5400E64AAE /* ProvidersView.swift */; };
		DEDDCCB5269E2BCD00E64AAE /* CustomDividerView.swift in Sources */ = {isa = PBXBuildFile; fileRef = DEDDCCB4269E2BCD00E64AAE /* CustomDividerView.swift */; };
		DEDDCCB7269E2C3C00E64AAE /* SignInFormView.swift in Sources */ = {isa = PBXBuildFile; fileRef = DEDDCCB6269E2C3B00E64AAE /* SignInFormView.swift */; };
/* End PBXBuildFile section */

/* Begin PBXContainerItemProxy section */
		BB1F1CEA268701B500663EEC /* PBXContainerItemProxy */ = {
			isa = PBXContainerItemProxy;
			containerPortal = BB1F1CCB268701B400663EEC /* Project object */;
			proxyType = 1;
			remoteGlobalIDString = BB1F1CD2268701B400663EEC;
			remoteInfo = "Teacher Workout";
		};
		BB1F1CF5268701B500663EEC /* PBXContainerItemProxy */ = {
			isa = PBXContainerItemProxy;
			containerPortal = BB1F1CCB268701B400663EEC /* Project object */;
			proxyType = 1;
			remoteGlobalIDString = BB1F1CD2268701B400663EEC;
			remoteInfo = "Teacher Workout";
		};
/* End PBXContainerItemProxy section */

/* Begin PBXFileReference section */
		BB13A3A826BAAC4400E0A7D5 /* HomeView.swift */ = {isa = PBXFileReference; lastKnownFileType = sourcecode.swift; path = HomeView.swift; sourceTree = "<group>"; };
		BB13A3AB26BAAD5A00E0A7D5 /* HomeViewModel.swift */ = {isa = PBXFileReference; lastKnownFileType = sourcecode.swift; path = HomeViewModel.swift; sourceTree = "<group>"; };
		BB13A3AE26BAB3B300E0A7D5 /* Lesson.swift */ = {isa = PBXFileReference; lastKnownFileType = sourcecode.swift; path = Lesson.swift; sourceTree = "<group>"; };
		BB13A3B026BAB45500E0A7D5 /* LessonNode.swift */ = {isa = PBXFileReference; lastKnownFileType = sourcecode.swift; path = LessonNode.swift; sourceTree = "<group>"; };
		BB13A3B226BABDC400E0A7D5 /* LessonItemCell.swift */ = {isa = PBXFileReference; lastKnownFileType = sourcecode.swift; path = LessonItemCell.swift; sourceTree = "<group>"; };
		BB13A3B426BABF0800E0A7D5 /* LessonsList.swift */ = {isa = PBXFileReference; lastKnownFileType = sourcecode.swift; path = LessonsList.swift; sourceTree = "<group>"; };
		BB13A3B626BABF8100E0A7D5 /* ThemesGrid.swift */ = {isa = PBXFileReference; lastKnownFileType = sourcecode.swift; path = ThemesGrid.swift; sourceTree = "<group>"; };
		BB13A3B926BAE03100E0A7D5 /* ThemeDetails.swift */ = {isa = PBXFileReference; lastKnownFileType = sourcecode.swift; path = ThemeDetails.swift; sourceTree = "<group>"; };
		BB13A3BD26BAE09600E0A7D5 /* ThemeDetailsViewModel.swift */ = {isa = PBXFileReference; lastKnownFileType = sourcecode.swift; path = ThemeDetailsViewModel.swift; sourceTree = "<group>"; };
		BB1F1CD3268701B400663EEC /* Teacher Workout.app */ = {isa = PBXFileReference; explicitFileType = wrapper.application; includeInIndex = 0; path = "Teacher Workout.app"; sourceTree = BUILT_PRODUCTS_DIR; };
		BB1F1CD6268701B400663EEC /* AppDelegate.swift */ = {isa = PBXFileReference; lastKnownFileType = sourcecode.swift; path = AppDelegate.swift; sourceTree = "<group>"; };
		BB1F1CE2268701B500663EEC /* Base */ = {isa = PBXFileReference; lastKnownFileType = file.storyboard; name = Base; path = Base.lproj/LaunchScreen.storyboard; sourceTree = "<group>"; };
		BB1F1CE4268701B500663EEC /* Info.plist */ = {isa = PBXFileReference; lastKnownFileType = text.plist.xml; path = Info.plist; sourceTree = "<group>"; };
		BB1F1CE9268701B500663EEC /* Teacher WorkoutTests.xctest */ = {isa = PBXFileReference; explicitFileType = wrapper.cfbundle; includeInIndex = 0; path = "Teacher WorkoutTests.xctest"; sourceTree = BUILT_PRODUCTS_DIR; };
		BB1F1CED268701B500663EEC /* Teacher_WorkoutTests.swift */ = {isa = PBXFileReference; lastKnownFileType = sourcecode.swift; path = Teacher_WorkoutTests.swift; sourceTree = "<group>"; };
		BB1F1CEF268701B500663EEC /* Info.plist */ = {isa = PBXFileReference; lastKnownFileType = text.plist.xml; path = Info.plist; sourceTree = "<group>"; };
		BB1F1CF4268701B500663EEC /* Teacher WorkoutUITests.xctest */ = {isa = PBXFileReference; explicitFileType = wrapper.cfbundle; includeInIndex = 0; path = "Teacher WorkoutUITests.xctest"; sourceTree = BUILT_PRODUCTS_DIR; };
		BB1F1CF8268701B500663EEC /* Teacher_WorkoutUITests.swift */ = {isa = PBXFileReference; lastKnownFileType = sourcecode.swift; path = Teacher_WorkoutUITests.swift; sourceTree = "<group>"; };
		BB1F1CFA268701B500663EEC /* Info.plist */ = {isa = PBXFileReference; lastKnownFileType = text.plist.xml; path = Info.plist; sourceTree = "<group>"; };
		BB29A3DD26876C4F0063C1A4 /* AppStrings.swift */ = {isa = PBXFileReference; fileEncoding = 4; lastKnownFileType = sourcecode.swift; path = AppStrings.swift; sourceTree = "<group>"; };
		BB29A3DF26876C6E0063C1A4 /* ro */ = {isa = PBXFileReference; lastKnownFileType = text.plist.strings; name = ro; path = ro.lproj/LaunchScreen.strings; sourceTree = "<group>"; };
		BB29A3E326876C800063C1A4 /* en */ = {isa = PBXFileReference; lastKnownFileType = text.plist.strings; name = en; path = en.lproj/Localizable.strings; sourceTree = "<group>"; };
		BB29A3E526876C830063C1A4 /* ro */ = {isa = PBXFileReference; lastKnownFileType = text.plist.strings; name = ro; path = ro.lproj/Localizable.strings; sourceTree = "<group>"; };
		BB29A3E6268772B60063C1A4 /* DiscoverCoordinator.swift */ = {isa = PBXFileReference; lastKnownFileType = sourcecode.swift; path = DiscoverCoordinator.swift; sourceTree = "<group>"; };
		BB29A3E8268773FC0063C1A4 /* HomeCoordinator.swift */ = {isa = PBXFileReference; fileEncoding = 4; lastKnownFileType = sourcecode.swift; path = HomeCoordinator.swift; sourceTree = "<group>"; };
		BB29A3EA268774590063C1A4 /* ProfileCoordinator.swift */ = {isa = PBXFileReference; lastKnownFileType = sourcecode.swift; path = ProfileCoordinator.swift; sourceTree = "<group>"; };
		BB2B8B7C26CC594100C482FD /* ResetPasswordViewModel.swift */ = {isa = PBXFileReference; lastKnownFileType = sourcecode.swift; path = ResetPasswordViewModel.swift; sourceTree = "<group>"; };
		BB2B8B7E26CC5A8C00C482FD /* NoticeView.swift.swift */ = {isa = PBXFileReference; lastKnownFileType = sourcecode.swift; path = NoticeView.swift.swift; sourceTree = "<group>"; };
		BB381259268727A00008FDC6 /* DataProviderProtocol.swift */ = {isa = PBXFileReference; lastKnownFileType = sourcecode.swift; path = DataProviderProtocol.swift; sourceTree = "<group>"; };
		BB38125C268728200008FDC6 /* Config.swift */ = {isa = PBXFileReference; lastKnownFileType = sourcecode.swift; path = Config.swift; sourceTree = "<group>"; };
		BB38125E268728440008FDC6 /* GraphAPIService.swift */ = {isa = PBXFileReference; lastKnownFileType = sourcecode.swift; path = GraphAPIService.swift; sourceTree = "<group>"; };
		BB38126226872D980008FDC6 /* ThemesQuery.graphql */ = {isa = PBXFileReference; lastKnownFileType = text; path = ThemesQuery.graphql; sourceTree = "<group>"; };
		BB381264268739580008FDC6 /* API.swift */ = {isa = PBXFileReference; fileEncoding = 4; lastKnownFileType = sourcecode.swift; path = API.swift; sourceTree = "<group>"; };
		BB381267268739A60008FDC6 /* LessonsQuery.graphql */ = {isa = PBXFileReference; fileEncoding = 4; lastKnownFileType = text; path = LessonsQuery.graphql; sourceTree = "<group>"; };
		BB38126B268749CC0008FDC6 /* MenuTabBarController.swift */ = {isa = PBXFileReference; lastKnownFileType = sourcecode.swift; path = MenuTabBarController.swift; sourceTree = "<group>"; };
		BB38126D26874C930008FDC6 /* ApplicationCoordinator.swift */ = {isa = PBXFileReference; lastKnownFileType = sourcecode.swift; path = ApplicationCoordinator.swift; sourceTree = "<group>"; };
		BB38127026874CFA0008FDC6 /* Coordinator.swift */ = {isa = PBXFileReference; fileEncoding = 4; lastKnownFileType = sourcecode.swift; path = Coordinator.swift; sourceTree = "<group>"; };
		BB38127526874D7D0008FDC6 /* MenuCoordinator.swift */ = {isa = PBXFileReference; lastKnownFileType = sourcecode.swift; path = MenuCoordinator.swift; sourceTree = "<group>"; };
		BB381283268751CD0008FDC6 /* ProfileViewController.swift */ = {isa = PBXFileReference; lastKnownFileType = sourcecode.swift; path = ProfileViewController.swift; sourceTree = "<group>"; };
		BB6E990926B9DBCB007B44F9 /* ListHeaderView.swift */ = {isa = PBXFileReference; lastKnownFileType = sourcecode.swift; path = ListHeaderView.swift; sourceTree = "<group>"; };
		BB6E990B26B9DD35007B44F9 /* SearchBar.swift */ = {isa = PBXFileReference; fileEncoding = 4; lastKnownFileType = sourcecode.swift; path = SearchBar.swift; sourceTree = "<group>"; };
		BB7699AB26875430009DF26F /* SceneDelegate.swift */ = {isa = PBXFileReference; fileEncoding = 4; lastKnownFileType = sourcecode.swift; path = SceneDelegate.swift; sourceTree = "<group>"; };
		BBC3A21426B54418009C6DDE /* APIError.swift */ = {isa = PBXFileReference; fileEncoding = 4; lastKnownFileType = sourcecode.swift; path = APIError.swift; sourceTree = "<group>"; };
		BBC3A21526B54418009C6DDE /* NetworkingConstants.swift */ = {isa = PBXFileReference; fileEncoding = 4; lastKnownFileType = sourcecode.swift; path = NetworkingConstants.swift; sourceTree = "<group>"; };
		BBC3A21926B5444E009C6DDE /* Theme.swift */ = {isa = PBXFileReference; fileEncoding = 4; lastKnownFileType = sourcecode.swift; path = Theme.swift; sourceTree = "<group>"; };
		BBC3A21B26B5444E009C6DDE /* DiscoverViewModel.swift */ = {isa = PBXFileReference; fileEncoding = 4; lastKnownFileType = sourcecode.swift; path = DiscoverViewModel.swift; sourceTree = "<group>"; };
		BBC3A21F26B545E6009C6DDE /* ThemesNode.swift */ = {isa = PBXFileReference; fileEncoding = 4; lastKnownFileType = sourcecode.swift; path = ThemesNode.swift; sourceTree = "<group>"; };
		BBC3A22126B54988009C6DDE /* DiscoverView.swift */ = {isa = PBXFileReference; lastKnownFileType = sourcecode.swift; path = DiscoverView.swift; sourceTree = "<group>"; };
		BBC3A22326B55BAC009C6DDE /* ThemeItemCell.swift */ = {isa = PBXFileReference; lastKnownFileType = sourcecode.swift; path = ThemeItemCell.swift; sourceTree = "<group>"; };
		DE28F3A926A03EEA00D93BDD /* Assets.xcassets */ = {isa = PBXFileReference; lastKnownFileType = folder.assetcatalog; path = Assets.xcassets; sourceTree = "<group>"; };
		DE28F3AD26A043D100D93BDD /* Mulish-LightItalic.ttf */ = {isa = PBXFileReference; lastKnownFileType = file; path = "Mulish-LightItalic.ttf"; sourceTree = "<group>"; };
		DE28F3AE26A043D100D93BDD /* Mulish-ExtraBoldItalic.ttf */ = {isa = PBXFileReference; lastKnownFileType = file; path = "Mulish-ExtraBoldItalic.ttf"; sourceTree = "<group>"; };
		DE28F3AF26A043D100D93BDD /* Mulish-Italic.ttf */ = {isa = PBXFileReference; lastKnownFileType = file; path = "Mulish-Italic.ttf"; sourceTree = "<group>"; };
		DE28F3B026A043D100D93BDD /* Mulish-Regular.ttf */ = {isa = PBXFileReference; lastKnownFileType = file; path = "Mulish-Regular.ttf"; sourceTree = "<group>"; };
		DE28F3B126A043D100D93BDD /* Mulish-Black.ttf */ = {isa = PBXFileReference; lastKnownFileType = file; path = "Mulish-Black.ttf"; sourceTree = "<group>"; };
		DE28F3B226A043D100D93BDD /* Mulish-BlackItalic.ttf */ = {isa = PBXFileReference; lastKnownFileType = file; path = "Mulish-BlackItalic.ttf"; sourceTree = "<group>"; };
		DE28F3B326A043D100D93BDD /* Mulish-SemiBoldItalic.ttf */ = {isa = PBXFileReference; lastKnownFileType = file; path = "Mulish-SemiBoldItalic.ttf"; sourceTree = "<group>"; };
		DE28F3B426A043D100D93BDD /* Mulish-ExtraLightItalic.ttf */ = {isa = PBXFileReference; lastKnownFileType = file; path = "Mulish-ExtraLightItalic.ttf"; sourceTree = "<group>"; };
		DE28F3B526A043D100D93BDD /* Mulish-Bold.ttf */ = {isa = PBXFileReference; lastKnownFileType = file; path = "Mulish-Bold.ttf"; sourceTree = "<group>"; };
		DE28F3B626A043D100D93BDD /* Mulish-Light.ttf */ = {isa = PBXFileReference; lastKnownFileType = file; path = "Mulish-Light.ttf"; sourceTree = "<group>"; };
		DE28F3B726A043D100D93BDD /* Mulish-ExtraBold.ttf */ = {isa = PBXFileReference; lastKnownFileType = file; path = "Mulish-ExtraBold.ttf"; sourceTree = "<group>"; };
		DE28F3B826A043D100D93BDD /* Mulish-ExtraLight.ttf */ = {isa = PBXFileReference; lastKnownFileType = file; path = "Mulish-ExtraLight.ttf"; sourceTree = "<group>"; };
		DE28F3B926A043D100D93BDD /* Mulish-Medium.ttf */ = {isa = PBXFileReference; lastKnownFileType = file; path = "Mulish-Medium.ttf"; sourceTree = "<group>"; };
		DE28F3BA26A043D100D93BDD /* Mulish-MediumItalic.ttf */ = {isa = PBXFileReference; lastKnownFileType = file; path = "Mulish-MediumItalic.ttf"; sourceTree = "<group>"; };
		DE28F3BB26A043D100D93BDD /* Mulish-SemiBold.ttf */ = {isa = PBXFileReference; lastKnownFileType = file; path = "Mulish-SemiBold.ttf"; sourceTree = "<group>"; };
		DE28F3BC26A043D100D93BDD /* Mulish-BoldItalic.ttf */ = {isa = PBXFileReference; lastKnownFileType = file; path = "Mulish-BoldItalic.ttf"; sourceTree = "<group>"; };
		DE4B86CC269DBEC100D7636E /* InputFieldView.swift */ = {isa = PBXFileReference; lastKnownFileType = sourcecode.swift; path = InputFieldView.swift; sourceTree = "<group>"; };
		DE60B19326871D9700EB01F8 /* Package.swift */ = {isa = PBXFileReference; lastKnownFileType = sourcecode.swift; path = Package.swift; sourceTree = "<group>"; };
		DE60B19426871DA900EB01F8 /* Empty.swift */ = {isa = PBXFileReference; lastKnownFileType = sourcecode.swift; path = Empty.swift; sourceTree = "<group>"; };
		DE60B1982687376200EB01F8 /* Onboarding.storyboard */ = {isa = PBXFileReference; lastKnownFileType = file.storyboard; path = Onboarding.storyboard; sourceTree = "<group>"; };
		DE60B19A268745C200EB01F8 /* OnboardingViewController.swift */ = {isa = PBXFileReference; lastKnownFileType = sourcecode.swift; path = OnboardingViewController.swift; sourceTree = "<group>"; };
		DE60B19C2687466300EB01F8 /* OnboardingHeroView.swift */ = {isa = PBXFileReference; lastKnownFileType = sourcecode.swift; path = OnboardingHeroView.swift; sourceTree = "<group>"; };
		DE60B19E2687476200EB01F8 /* OnboardingPageViewController.swift */ = {isa = PBXFileReference; lastKnownFileType = sourcecode.swift; path = OnboardingPageViewController.swift; sourceTree = "<group>"; };
		DE60B1A126874A2700EB01F8 /* NSObject+Extensions.swift */ = {isa = PBXFileReference; lastKnownFileType = sourcecode.swift; path = "NSObject+Extensions.swift"; sourceTree = "<group>"; };
		DE60B1A4268754CB00EB01F8 /* OnboardingViewModel.swift */ = {isa = PBXFileReference; lastKnownFileType = sourcecode.swift; path = OnboardingViewModel.swift; sourceTree = "<group>"; };
		DE60B1CB26875F9F00EB01F8 /* OnboardingPage.swift */ = {isa = PBXFileReference; lastKnownFileType = sourcecode.swift; path = OnboardingPage.swift; sourceTree = "<group>"; };
		DE85640126A0521B004A83BF /* LandingPageCoordinator.swift */ = {isa = PBXFileReference; lastKnownFileType = sourcecode.swift; path = LandingPageCoordinator.swift; sourceTree = "<group>"; };
		DE85640326A0525A004A83BF /* LandingPageView.swift */ = {isa = PBXFileReference; lastKnownFileType = sourcecode.swift; path = LandingPageView.swift; sourceTree = "<group>"; };
		DE85640526A05AA2004A83BF /* ExistingAccountFooterView.swift */ = {isa = PBXFileReference; lastKnownFileType = sourcecode.swift; path = ExistingAccountFooterView.swift; sourceTree = "<group>"; };
		DE943E12269D8B9C00DD2EC3 /* SignInView.swift */ = {isa = PBXFileReference; lastKnownFileType = sourcecode.swift; path = SignInView.swift; sourceTree = "<group>"; };
		DE943E1A269D8CFC00DD2EC3 /* SignUpView.swift */ = {isa = PBXFileReference; lastKnownFileType = sourcecode.swift; path = SignUpView.swift; sourceTree = "<group>"; };
		DE943E1C269D8D3800DD2EC3 /* SignInCoordinator.swift */ = {isa = PBXFileReference; lastKnownFileType = sourcecode.swift; path = SignInCoordinator.swift; sourceTree = "<group>"; };
		DE943E1E269D8D6000DD2EC3 /* SignUpCoordinator.swift */ = {isa = PBXFileReference; lastKnownFileType = sourcecode.swift; path = SignUpCoordinator.swift; sourceTree = "<group>"; };
		DE943E21269D8EB100DD2EC3 /* ResetPasswordView.swift */ = {isa = PBXFileReference; lastKnownFileType = sourcecode.swift; path = ResetPasswordView.swift; sourceTree = "<group>"; };
		DE943E23269D8EC700DD2EC3 /* CreateNewPasswordView.swift */ = {isa = PBXFileReference; lastKnownFileType = sourcecode.swift; path = CreateNewPasswordView.swift; sourceTree = "<group>"; };
		DE96A06926B5454E0071188D /* SignUpFormView.swift */ = {isa = PBXFileReference; lastKnownFileType = sourcecode.swift; path = SignUpFormView.swift; sourceTree = "<group>"; };
		DE96A06C26B545E40071188D /* SignUpFormViewModel.swift */ = {isa = PBXFileReference; lastKnownFileType = sourcecode.swift; path = SignUpFormViewModel.swift; sourceTree = "<group>"; };
		DE96A06E26B56CF30071188D /* CheckboxFieldView.swift */ = {isa = PBXFileReference; lastKnownFileType = sourcecode.swift; path = CheckboxFieldView.swift; sourceTree = "<group>"; };
		DE9C0A902689CB3E00B6AFA0 /* OnboardingCoordinator.swift */ = {isa = PBXFileReference; lastKnownFileType = sourcecode.swift; path = OnboardingCoordinator.swift; sourceTree = "<group>"; };
		DECD7A0A269EFA70004FE9E3 /* SignInViewModel.swift */ = {isa = PBXFileReference; lastKnownFileType = sourcecode.swift; path = SignInViewModel.swift; sourceTree = "<group>"; };
		DECD7A0C269F1179004FE9E3 /* Validator.swift */ = {isa = PBXFileReference; lastKnownFileType = sourcecode.swift; path = Validator.swift; sourceTree = "<group>"; };
		DEDDCCAA269E22BE00E64AAE /* TrailingCloseButton.swift */ = {isa = PBXFileReference; lastKnownFileType = sourcecode.swift; path = TrailingCloseButton.swift; sourceTree = "<group>"; };
		DEDDCCB0269E292F00E64AAE /* Text+Styling.swift */ = {isa = PBXFileReference; lastKnownFileType = sourcecode.swift; path = "Text+Styling.swift"; sourceTree = "<group>"; };
		DEDDCCB2269E2B5400E64AAE /* ProvidersView.swift */ = {isa = PBXFileReference; lastKnownFileType = sourcecode.swift; path = ProvidersView.swift; sourceTree = "<group>"; };
		DEDDCCB4269E2BCD00E64AAE /* CustomDividerView.swift */ = {isa = PBXFileReference; lastKnownFileType = sourcecode.swift; path = CustomDividerView.swift; sourceTree = "<group>"; };
		DEDDCCB6269E2C3B00E64AAE /* SignInFormView.swift */ = {isa = PBXFileReference; lastKnownFileType = sourcecode.swift; path = SignInFormView.swift; sourceTree = "<group>"; };
/* End PBXFileReference section */

/* Begin PBXFrameworksBuildPhase section */
		BB1F1CD0268701B400663EEC /* Frameworks */ = {
			isa = PBXFrameworksBuildPhase;
			buildActionMask = 2147483647;
			files = (
				BBC3A22726B5789F009C6DDE /* Kingfisher in Frameworks */,
				BB381255268726E70008FDC6 /* Apollo in Frameworks */,
			);
			runOnlyForDeploymentPostprocessing = 0;
		};
		BB1F1CE6268701B500663EEC /* Frameworks */ = {
			isa = PBXFrameworksBuildPhase;
			buildActionMask = 2147483647;
			files = (
			);
			runOnlyForDeploymentPostprocessing = 0;
		};
		BB1F1CF1268701B500663EEC /* Frameworks */ = {
			isa = PBXFrameworksBuildPhase;
			buildActionMask = 2147483647;
			files = (
			);
			runOnlyForDeploymentPostprocessing = 0;
		};
/* End PBXFrameworksBuildPhase section */

/* Begin PBXGroup section */
		BB13A3AA26BAAD4800E0A7D5 /* ViewModel */ = {
			isa = PBXGroup;
			children = (
				BB13A3AB26BAAD5A00E0A7D5 /* HomeViewModel.swift */,
			);
			path = ViewModel;
			sourceTree = "<group>";
		};
		BB13A3AD26BAB39E00E0A7D5 /* Model */ = {
			isa = PBXGroup;
			children = (
				BB13A3AE26BAB3B300E0A7D5 /* Lesson.swift */,
			);
			path = Model;
			sourceTree = "<group>";
		};
		BB13A3B826BADE1600E0A7D5 /* ThemeDetails */ = {
			isa = PBXGroup;
			children = (
				BB13A3BB26BAE07D00E0A7D5 /* View */,
				BB13A3BC26BAE08400E0A7D5 /* ViewModel */,
			);
			path = ThemeDetails;
			sourceTree = "<group>";
		};
		BB13A3BB26BAE07D00E0A7D5 /* View */ = {
			isa = PBXGroup;
			children = (
				BB13A3B926BAE03100E0A7D5 /* ThemeDetails.swift */,
			);
			path = View;
			sourceTree = "<group>";
		};
		BB13A3BC26BAE08400E0A7D5 /* ViewModel */ = {
			isa = PBXGroup;
			children = (
				BB13A3BD26BAE09600E0A7D5 /* ThemeDetailsViewModel.swift */,
			);
			path = ViewModel;
			sourceTree = "<group>";
		};
		BB1F1CCA268701B400663EEC = {
			isa = PBXGroup;
			children = (
				BB1F1CD5268701B400663EEC /* Teacher Workout */,
				BB1F1CEC268701B500663EEC /* Teacher WorkoutTests */,
				BB1F1CF7268701B500663EEC /* Teacher WorkoutUITests */,
				DE60B19226871D7400EB01F8 /* BuildTools */,
				BB1F1CD4268701B400663EEC /* Products */,
			);
			sourceTree = "<group>";
		};
		BB1F1CD4268701B400663EEC /* Products */ = {
			isa = PBXGroup;
			children = (
				BB1F1CD3268701B400663EEC /* Teacher Workout.app */,
				BB1F1CE9268701B500663EEC /* Teacher WorkoutTests.xctest */,
				BB1F1CF4268701B500663EEC /* Teacher WorkoutUITests.xctest */,
			);
			name = Products;
			sourceTree = "<group>";
		};
		BB1F1CD5268701B400663EEC /* Teacher Workout */ = {
			isa = PBXGroup;
			children = (
				BB1F1D06268701D900663EEC /* AppDelegate */,
				BB38126F26874CE40008FDC6 /* Components */,
				BB1F1D072687020E00663EEC /* Features */,
				BB29A3DC26876C420063C1A4 /* Localization */,
				BB3812562687272B0008FDC6 /* NetworkingLayer */,
				BB1F1D082687021A00663EEC /* Resources */,
				DE60B1A026874A1700EB01F8 /* Utils */,
			);
			path = "Teacher Workout";
			sourceTree = "<group>";
		};
		BB1F1CEC268701B500663EEC /* Teacher WorkoutTests */ = {
			isa = PBXGroup;
			children = (
				BB1F1CED268701B500663EEC /* Teacher_WorkoutTests.swift */,
				BB1F1CEF268701B500663EEC /* Info.plist */,
			);
			path = "Teacher WorkoutTests";
			sourceTree = "<group>";
		};
		BB1F1CF7268701B500663EEC /* Teacher WorkoutUITests */ = {
			isa = PBXGroup;
			children = (
				BB1F1CF8268701B500663EEC /* Teacher_WorkoutUITests.swift */,
				BB1F1CFA268701B500663EEC /* Info.plist */,
			);
			path = "Teacher WorkoutUITests";
			sourceTree = "<group>";
		};
		BB1F1D06268701D900663EEC /* AppDelegate */ = {
			isa = PBXGroup;
			children = (
				BB1F1CD6268701B400663EEC /* AppDelegate.swift */,
				BB38126D26874C930008FDC6 /* ApplicationCoordinator.swift */,
				BB7699AB26875430009DF26F /* SceneDelegate.swift */,
			);
			path = AppDelegate;
			sourceTree = "<group>";
		};
		BB1F1D072687020E00663EEC /* Features */ = {
			isa = PBXGroup;
			children = (
				DE943E0C269D8A5300DD2EC3 /* Authentication */,
				BB38127926874F4B0008FDC6 /* Discover */,
				BB1F1D0A2687022F00663EEC /* Home */,
				DE8563FE26A051F4004A83BF /* LandingPage */,
				BB38126A268749730008FDC6 /* Menu */,
				DE60B1962687373A00EB01F8 /* Onboarding */,
				BB38127A26874F510008FDC6 /* Profile */,
				BB2B8B7926CC52EB00C482FD /* ResetPassword */,
				BB13A3B826BADE1600E0A7D5 /* ThemeDetails */,
				BB1F1D092687022A00663EEC /* Splash */,
			);
			path = Features;
			sourceTree = "<group>";
		};
		BB1F1D082687021A00663EEC /* Resources */ = {
			isa = PBXGroup;
			children = (
				DE28F3AB26A043D100D93BDD /* Fonts */,
				DE28F3A926A03EEA00D93BDD /* Assets.xcassets */,
				BB1F1CE4268701B500663EEC /* Info.plist */,
			);
			name = Resources;
			sourceTree = "<group>";
		};
		BB1F1D092687022A00663EEC /* Splash */ = {
			isa = PBXGroup;
			children = (
				BB1F1CE1268701B500663EEC /* LaunchScreen.storyboard */,
			);
			path = Splash;
			sourceTree = "<group>";
		};
		BB1F1D0A2687022F00663EEC /* Home */ = {
			isa = PBXGroup;
			children = (
				BB38127726874F3E0008FDC6 /* Coordinator */,
				BB13A3AD26BAB39E00E0A7D5 /* Model */,
				BB38127826874F450008FDC6 /* View */,
				BB13A3AA26BAAD4800E0A7D5 /* ViewModel */,
			);
			path = Home;
			sourceTree = "<group>";
		};
		BB29A3DC26876C420063C1A4 /* Localization */ = {
			isa = PBXGroup;
			children = (
				BB29A3DD26876C4F0063C1A4 /* AppStrings.swift */,
				BB29A3E426876C800063C1A4 /* Localizable.strings */,
			);
			path = Localization;
			sourceTree = "<group>";
		};
		BB2B8B7926CC52EB00C482FD /* ResetPassword */ = {
			isa = PBXGroup;
			children = (
				BB2B8B7A26CC52F500C482FD /* View */,
				BB2B8B7B26CC593500C482FD /* ViewModel */,
			);
			path = ResetPassword;
			sourceTree = "<group>";
		};
		BB2B8B7A26CC52F500C482FD /* View */ = {
			isa = PBXGroup;
			children = (
				DE943E21269D8EB100DD2EC3 /* ResetPasswordView.swift */,
				BB2B8B7E26CC5A8C00C482FD /* NoticeView.swift.swift */,
			);
			path = View;
			sourceTree = "<group>";
		};
		BB2B8B7B26CC593500C482FD /* ViewModel */ = {
			isa = PBXGroup;
			children = (
				BB2B8B7C26CC594100C482FD /* ResetPasswordViewModel.swift */,
			);
			path = ViewModel;
			sourceTree = "<group>";
		};
		BB3812562687272B0008FDC6 /* NetworkingLayer */ = {
			isa = PBXGroup;
			children = (
				BBC3A21426B54418009C6DDE /* APIError.swift */,
				BBC3A21526B54418009C6DDE /* NetworkingConstants.swift */,
				BB381258268727840008FDC6 /* APIService */,
				BB3812572687273A0008FDC6 /* GraphQL */,
			);
			path = NetworkingLayer;
			sourceTree = "<group>";
		};
		BB3812572687273A0008FDC6 /* GraphQL */ = {
			isa = PBXGroup;
			children = (
				BBC3A21E26B545E6009C6DDE /* Model */,
				BB381264268739580008FDC6 /* API.swift */,
				BB38125E268728440008FDC6 /* GraphAPIService.swift */,
				BB38126226872D980008FDC6 /* ThemesQuery.graphql */,
				BB381267268739A60008FDC6 /* LessonsQuery.graphql */,
			);
			path = GraphQL;
			sourceTree = "<group>";
		};
		BB381258268727840008FDC6 /* APIService */ = {
			isa = PBXGroup;
			children = (
				BB38125C268728200008FDC6 /* Config.swift */,
				BB381259268727A00008FDC6 /* DataProviderProtocol.swift */,
			);
			path = APIService;
			sourceTree = "<group>";
		};
		BB38126A268749730008FDC6 /* Menu */ = {
			isa = PBXGroup;
			children = (
				BB38127326874D3A0008FDC6 /* Coordinator */,
				BB38127426874D400008FDC6 /* View */,
			);
			path = Menu;
			sourceTree = "<group>";
		};
		BB38126F26874CE40008FDC6 /* Components */ = {
			isa = PBXGroup;
			children = (
				DE4B86CB269DBEA000D7636E /* Form */,
				DEDDCCA9269E22A300E64AAE /* General */,
				BB38127226874D000008FDC6 /* Protocols */,
			);
			path = Components;
			sourceTree = "<group>";
		};
		BB38127226874D000008FDC6 /* Protocols */ = {
			isa = PBXGroup;
			children = (
				BB38127026874CFA0008FDC6 /* Coordinator.swift */,
			);
			path = Protocols;
			sourceTree = "<group>";
		};
		BB38127326874D3A0008FDC6 /* Coordinator */ = {
			isa = PBXGroup;
			children = (
				BB38127526874D7D0008FDC6 /* MenuCoordinator.swift */,
			);
			path = Coordinator;
			sourceTree = "<group>";
		};
		BB38127426874D400008FDC6 /* View */ = {
			isa = PBXGroup;
			children = (
				BB38126B268749CC0008FDC6 /* MenuTabBarController.swift */,
			);
			path = View;
			sourceTree = "<group>";
		};
		BB38127726874F3E0008FDC6 /* Coordinator */ = {
			isa = PBXGroup;
			children = (
				BB29A3E8268773FC0063C1A4 /* HomeCoordinator.swift */,
			);
			path = Coordinator;
			sourceTree = "<group>";
		};
		BB38127826874F450008FDC6 /* View */ = {
			isa = PBXGroup;
			children = (
				BB13A3A826BAAC4400E0A7D5 /* HomeView.swift */,
				BB13A3B226BABDC400E0A7D5 /* LessonItemCell.swift */,
				BB13A3B426BABF0800E0A7D5 /* LessonsList.swift */,
			);
			path = View;
			sourceTree = "<group>";
		};
		BB38127926874F4B0008FDC6 /* Discover */ = {
			isa = PBXGroup;
			children = (
				BB38127B26874F5D0008FDC6 /* Coordinator */,
				BBC3A21826B5444E009C6DDE /* Model */,
				BB38127C26874F630008FDC6 /* View */,
				BBC3A21A26B5444E009C6DDE /* ViewModel */,
			);
			path = Discover;
			sourceTree = "<group>";
		};
		BB38127A26874F510008FDC6 /* Profile */ = {
			isa = PBXGroup;
			children = (
				BB38127D26874F6D0008FDC6 /* Coordinator */,
				BB38127E26874F720008FDC6 /* View */,
			);
			path = Profile;
			sourceTree = "<group>";
		};
		BB38127B26874F5D0008FDC6 /* Coordinator */ = {
			isa = PBXGroup;
			children = (
				BB29A3E6268772B60063C1A4 /* DiscoverCoordinator.swift */,
			);
			path = Coordinator;
			sourceTree = "<group>";
		};
		BB38127C26874F630008FDC6 /* View */ = {
			isa = PBXGroup;
			children = (
				BBC3A22126B54988009C6DDE /* DiscoverView.swift */,
				BBC3A22326B55BAC009C6DDE /* ThemeItemCell.swift */,
				BB13A3B626BABF8100E0A7D5 /* ThemesGrid.swift */,
			);
			path = View;
			sourceTree = "<group>";
		};
		BB38127D26874F6D0008FDC6 /* Coordinator */ = {
			isa = PBXGroup;
			children = (
				BB29A3EA268774590063C1A4 /* ProfileCoordinator.swift */,
			);
			path = Coordinator;
			sourceTree = "<group>";
		};
		BB38127E26874F720008FDC6 /* View */ = {
			isa = PBXGroup;
			children = (
				BB381283268751CD0008FDC6 /* ProfileViewController.swift */,
			);
			path = View;
			sourceTree = "<group>";
		};
		BBC3A21826B5444E009C6DDE /* Model */ = {
			isa = PBXGroup;
			children = (
				BBC3A21926B5444E009C6DDE /* Theme.swift */,
			);
			path = Model;
			sourceTree = "<group>";
		};
		BBC3A21A26B5444E009C6DDE /* ViewModel */ = {
			isa = PBXGroup;
			children = (
				BBC3A21B26B5444E009C6DDE /* DiscoverViewModel.swift */,
			);
			path = ViewModel;
			sourceTree = "<group>";
		};
		BBC3A21E26B545E6009C6DDE /* Model */ = {
			isa = PBXGroup;
			children = (
				BBC3A21F26B545E6009C6DDE /* ThemesNode.swift */,
				BB13A3B026BAB45500E0A7D5 /* LessonNode.swift */,
			);
			path = Model;
			sourceTree = "<group>";
		};
		DE28F3AB26A043D100D93BDD /* Fonts */ = {
			isa = PBXGroup;
			children = (
				DE28F3AC26A043D100D93BDD /* Mulish */,
			);
			path = Fonts;
			sourceTree = "<group>";
		};
		DE28F3AC26A043D100D93BDD /* Mulish */ = {
			isa = PBXGroup;
			children = (
				DE28F3AD26A043D100D93BDD /* Mulish-LightItalic.ttf */,
				DE28F3AE26A043D100D93BDD /* Mulish-ExtraBoldItalic.ttf */,
				DE28F3AF26A043D100D93BDD /* Mulish-Italic.ttf */,
				DE28F3B026A043D100D93BDD /* Mulish-Regular.ttf */,
				DE28F3B126A043D100D93BDD /* Mulish-Black.ttf */,
				DE28F3B226A043D100D93BDD /* Mulish-BlackItalic.ttf */,
				DE28F3B326A043D100D93BDD /* Mulish-SemiBoldItalic.ttf */,
				DE28F3B426A043D100D93BDD /* Mulish-ExtraLightItalic.ttf */,
				DE28F3B526A043D100D93BDD /* Mulish-Bold.ttf */,
				DE28F3B626A043D100D93BDD /* Mulish-Light.ttf */,
				DE28F3B726A043D100D93BDD /* Mulish-ExtraBold.ttf */,
				DE28F3B826A043D100D93BDD /* Mulish-ExtraLight.ttf */,
				DE28F3B926A043D100D93BDD /* Mulish-Medium.ttf */,
				DE28F3BA26A043D100D93BDD /* Mulish-MediumItalic.ttf */,
				DE28F3BB26A043D100D93BDD /* Mulish-SemiBold.ttf */,
				DE28F3BC26A043D100D93BDD /* Mulish-BoldItalic.ttf */,
			);
			path = Mulish;
			sourceTree = "<group>";
		};
		DE4B86CB269DBEA000D7636E /* Form */ = {
			isa = PBXGroup;
			children = (
				DE4B86CC269DBEC100D7636E /* InputFieldView.swift */,
			);
			path = Form;
			sourceTree = "<group>";
		};
		DE60B19226871D7400EB01F8 /* BuildTools */ = {
			isa = PBXGroup;
			children = (
				DE60B19326871D9700EB01F8 /* Package.swift */,
				DE60B19426871DA900EB01F8 /* Empty.swift */,
			);
			path = BuildTools;
			sourceTree = "<group>";
		};
		DE60B1962687373A00EB01F8 /* Onboarding */ = {
			isa = PBXGroup;
			children = (
				DE9C0A8F2689CB2A00B6AFA0 /* Coordinator */,
				DE60B1CA26875F9500EB01F8 /* Model */,
				DE60B1A3268754BE00EB01F8 /* ViewModel */,
				DE60B1972687375100EB01F8 /* View */,
			);
			path = Onboarding;
			sourceTree = "<group>";
		};
		DE60B1972687375100EB01F8 /* View */ = {
			isa = PBXGroup;
			children = (
				DE60B1982687376200EB01F8 /* Onboarding.storyboard */,
				DE60B19C2687466300EB01F8 /* OnboardingHeroView.swift */,
				DE60B19A268745C200EB01F8 /* OnboardingViewController.swift */,
				DE60B19E2687476200EB01F8 /* OnboardingPageViewController.swift */,
			);
			path = View;
			sourceTree = "<group>";
		};
		DE60B1A026874A1700EB01F8 /* Utils */ = {
			isa = PBXGroup;
			children = (
				DEDDCCAC269E273900E64AAE /* Extensions */,
				DECD7A0C269F1179004FE9E3 /* Validator.swift */,
			);
			path = Utils;
			sourceTree = "<group>";
		};
		DE60B1A3268754BE00EB01F8 /* ViewModel */ = {
			isa = PBXGroup;
			children = (
				DE60B1A4268754CB00EB01F8 /* OnboardingViewModel.swift */,
			);
			path = ViewModel;
			sourceTree = "<group>";
		};
		DE60B1CA26875F9500EB01F8 /* Model */ = {
			isa = PBXGroup;
			children = (
				DE60B1CB26875F9F00EB01F8 /* OnboardingPage.swift */,
			);
			path = Model;
			sourceTree = "<group>";
		};
		DE8563FE26A051F4004A83BF /* LandingPage */ = {
			isa = PBXGroup;
			children = (
				DE8563FF26A05203004A83BF /* Coordinator */,
				DE85640026A05208004A83BF /* View */,
			);
			path = LandingPage;
			sourceTree = "<group>";
		};
		DE8563FF26A05203004A83BF /* Coordinator */ = {
			isa = PBXGroup;
			children = (
				DE85640126A0521B004A83BF /* LandingPageCoordinator.swift */,
			);
			path = Coordinator;
			sourceTree = "<group>";
		};
		DE85640026A05208004A83BF /* View */ = {
			isa = PBXGroup;
			children = (
				DE85640326A0525A004A83BF /* LandingPageView.swift */,
			);
			path = View;
			sourceTree = "<group>";
		};
		DE943E0C269D8A5300DD2EC3 /* Authentication */ = {
			isa = PBXGroup;
			children = (
				DE943E14269D8C9900DD2EC3 /* SignIn */,
				DE943E15269D8CA500DD2EC3 /* SignUp */,
				DE943E20269D8E7D00DD2EC3 /* View */,
			);
			path = Authentication;
			sourceTree = "<group>";
		};
		DE943E14269D8C9900DD2EC3 /* SignIn */ = {
			isa = PBXGroup;
			children = (
				DE943E17269D8CD000DD2EC3 /* Coordinator */,
				DE943E16269D8CB900DD2EC3 /* View */,
				DECD7A09269EFA60004FE9E3 /* ViewModel */,
			);
			path = SignIn;
			sourceTree = "<group>";
		};
		DE943E15269D8CA500DD2EC3 /* SignUp */ = {
			isa = PBXGroup;
			children = (
				DE943E18269D8CDA00DD2EC3 /* Coordinator */,
				DE943E19269D8CDE00DD2EC3 /* View */,
				DE96A06B26B545C60071188D /* ViewModel */,
			);
			path = SignUp;
			sourceTree = "<group>";
		};
		DE943E16269D8CB900DD2EC3 /* View */ = {
			isa = PBXGroup;
			children = (
				DE943E12269D8B9C00DD2EC3 /* SignInView.swift */,
				DEDDCCB6269E2C3B00E64AAE /* SignInFormView.swift */,
			);
			path = View;
			sourceTree = "<group>";
		};
		DE943E17269D8CD000DD2EC3 /* Coordinator */ = {
			isa = PBXGroup;
			children = (
				DE943E1C269D8D3800DD2EC3 /* SignInCoordinator.swift */,
			);
			path = Coordinator;
			sourceTree = "<group>";
		};
		DE943E18269D8CDA00DD2EC3 /* Coordinator */ = {
			isa = PBXGroup;
			children = (
				DE943E1E269D8D6000DD2EC3 /* SignUpCoordinator.swift */,
			);
			path = Coordinator;
			sourceTree = "<group>";
		};
		DE943E19269D8CDE00DD2EC3 /* View */ = {
			isa = PBXGroup;
			children = (
				DE943E1A269D8CFC00DD2EC3 /* SignUpView.swift */,
				DE96A06926B5454E0071188D /* SignUpFormView.swift */,
			);
			path = View;
			sourceTree = "<group>";
		};
		DE943E20269D8E7D00DD2EC3 /* View */ = {
			isa = PBXGroup;
			children = (
				DE943E23269D8EC700DD2EC3 /* CreateNewPasswordView.swift */,
				DEDDCCB2269E2B5400E64AAE /* ProvidersView.swift */,
			);
			path = View;
			sourceTree = "<group>";
		};
		DE96A06B26B545C60071188D /* ViewModel */ = {
			isa = PBXGroup;
			children = (
				DE96A06C26B545E40071188D /* SignUpFormViewModel.swift */,
			);
			path = ViewModel;
			sourceTree = "<group>";
		};
		DE9C0A8F2689CB2A00B6AFA0 /* Coordinator */ = {
			isa = PBXGroup;
			children = (
				DE9C0A902689CB3E00B6AFA0 /* OnboardingCoordinator.swift */,
			);
			path = Coordinator;
			sourceTree = "<group>";
		};
		DECD7A09269EFA60004FE9E3 /* ViewModel */ = {
			isa = PBXGroup;
			children = (
				DECD7A0A269EFA70004FE9E3 /* SignInViewModel.swift */,
			);
			path = ViewModel;
			sourceTree = "<group>";
		};
		DEDDCCA9269E22A300E64AAE /* General */ = {
			isa = PBXGroup;
			children = (
				DE96A06E26B56CF30071188D /* CheckboxFieldView.swift */,
				DEDDCCB4269E2BCD00E64AAE /* CustomDividerView.swift */,
				DE85640526A05AA2004A83BF /* ExistingAccountFooterView.swift */,
				BB6E990926B9DBCB007B44F9 /* ListHeaderView.swift */,
				BB6E990B26B9DD35007B44F9 /* SearchBar.swift */,
				DEDDCCAA269E22BE00E64AAE /* TrailingCloseButton.swift */,
			);
			path = General;
			sourceTree = "<group>";
		};
		DEDDCCAC269E273900E64AAE /* Extensions */ = {
			isa = PBXGroup;
			children = (
				DE60B1A126874A2700EB01F8 /* NSObject+Extensions.swift */,
				DEDDCCB0269E292F00E64AAE /* Text+Styling.swift */,
			);
			path = Extensions;
			sourceTree = "<group>";
		};
/* End PBXGroup section */

/* Begin PBXNativeTarget section */
		BB1F1CD2268701B400663EEC /* Teacher Workout */ = {
			isa = PBXNativeTarget;
			buildConfigurationList = BB1F1CFD268701B500663EEC /* Build configuration list for PBXNativeTarget "Teacher Workout" */;
			buildPhases = (
				DE60B19526871DB300EB01F8 /* ShellScript */,
				BB1F1CCF268701B400663EEC /* Sources */,
				BB1F1CD0268701B400663EEC /* Frameworks */,
				BB1F1CD1268701B400663EEC /* Resources */,
				BB38126126872C830008FDC6 /* ShellScript */,
			);
			buildRules = (
			);
			dependencies = (
			);
			name = "Teacher Workout";
			packageProductDependencies = (
				BB381254268726E70008FDC6 /* Apollo */,
				BBC3A22626B5789F009C6DDE /* Kingfisher */,
			);
			productName = "Teacher Workout";
			productReference = BB1F1CD3268701B400663EEC /* Teacher Workout.app */;
			productType = "com.apple.product-type.application";
		};
		BB1F1CE8268701B500663EEC /* Teacher WorkoutTests */ = {
			isa = PBXNativeTarget;
			buildConfigurationList = BB1F1D00268701B500663EEC /* Build configuration list for PBXNativeTarget "Teacher WorkoutTests" */;
			buildPhases = (
				BB1F1CE5268701B500663EEC /* Sources */,
				BB1F1CE6268701B500663EEC /* Frameworks */,
				BB1F1CE7268701B500663EEC /* Resources */,
			);
			buildRules = (
			);
			dependencies = (
				BB1F1CEB268701B500663EEC /* PBXTargetDependency */,
			);
			name = "Teacher WorkoutTests";
			productName = "Teacher WorkoutTests";
			productReference = BB1F1CE9268701B500663EEC /* Teacher WorkoutTests.xctest */;
			productType = "com.apple.product-type.bundle.unit-test";
		};
		BB1F1CF3268701B500663EEC /* Teacher WorkoutUITests */ = {
			isa = PBXNativeTarget;
			buildConfigurationList = BB1F1D03268701B500663EEC /* Build configuration list for PBXNativeTarget "Teacher WorkoutUITests" */;
			buildPhases = (
				BB1F1CF0268701B500663EEC /* Sources */,
				BB1F1CF1268701B500663EEC /* Frameworks */,
				BB1F1CF2268701B500663EEC /* Resources */,
			);
			buildRules = (
			);
			dependencies = (
				BB1F1CF6268701B500663EEC /* PBXTargetDependency */,
			);
			name = "Teacher WorkoutUITests";
			productName = "Teacher WorkoutUITests";
			productReference = BB1F1CF4268701B500663EEC /* Teacher WorkoutUITests.xctest */;
			productType = "com.apple.product-type.bundle.ui-testing";
		};
/* End PBXNativeTarget section */

/* Begin PBXProject section */
		BB1F1CCB268701B400663EEC /* Project object */ = {
			isa = PBXProject;
			attributes = {
				LastSwiftUpdateCheck = 1250;
				LastUpgradeCheck = 1250;
				TargetAttributes = {
					BB1F1CD2268701B400663EEC = {
						CreatedOnToolsVersion = 12.5;
					};
					BB1F1CE8268701B500663EEC = {
						CreatedOnToolsVersion = 12.5;
						TestTargetID = BB1F1CD2268701B400663EEC;
					};
					BB1F1CF3268701B500663EEC = {
						CreatedOnToolsVersion = 12.5;
						TestTargetID = BB1F1CD2268701B400663EEC;
					};
				};
			};
			buildConfigurationList = BB1F1CCE268701B400663EEC /* Build configuration list for PBXProject "Teacher Workout" */;
			compatibilityVersion = "Xcode 9.3";
			developmentRegion = en;
			hasScannedForEncodings = 0;
			knownRegions = (
				en,
				Base,
				ro,
			);
			mainGroup = BB1F1CCA268701B400663EEC;
			packageReferences = (
				BB381253268726E70008FDC6 /* XCRemoteSwiftPackageReference "apollo-ios" */,
				BBC3A22526B5789F009C6DDE /* XCRemoteSwiftPackageReference "Kingfisher" */,
			);
			productRefGroup = BB1F1CD4268701B400663EEC /* Products */;
			projectDirPath = "";
			projectRoot = "";
			targets = (
				BB1F1CD2268701B400663EEC /* Teacher Workout */,
				BB1F1CE8268701B500663EEC /* Teacher WorkoutTests */,
				BB1F1CF3268701B500663EEC /* Teacher WorkoutUITests */,
			);
		};
/* End PBXProject section */

/* Begin PBXResourcesBuildPhase section */
		BB1F1CD1268701B400663EEC /* Resources */ = {
			isa = PBXResourcesBuildPhase;
			buildActionMask = 2147483647;
			files = (
				DE28F3BF26A043D200D93BDD /* Mulish-Italic.ttf in Resources */,
				DE28F3BE26A043D200D93BDD /* Mulish-ExtraBoldItalic.ttf in Resources */,
				DE28F3C126A043D200D93BDD /* Mulish-Black.ttf in Resources */,
				DE28F3CB26A043D200D93BDD /* Mulish-SemiBold.ttf in Resources */,
				DE28F3C626A043D200D93BDD /* Mulish-Light.ttf in Resources */,
				DE28F3C526A043D200D93BDD /* Mulish-Bold.ttf in Resources */,
				DE28F3AA26A03EEA00D93BDD /* Assets.xcassets in Resources */,
				DE28F3C826A043D200D93BDD /* Mulish-ExtraLight.ttf in Resources */,
				DE28F3C726A043D200D93BDD /* Mulish-ExtraBold.ttf in Resources */,
				DE28F3CC26A043D200D93BDD /* Mulish-BoldItalic.ttf in Resources */,
				BB1F1CE3268701B500663EEC /* LaunchScreen.storyboard in Resources */,
				DE28F3BD26A043D200D93BDD /* Mulish-LightItalic.ttf in Resources */,
				DE28F3C426A043D200D93BDD /* Mulish-ExtraLightItalic.ttf in Resources */,
				DE60B1992687376200EB01F8 /* Onboarding.storyboard in Resources */,
				BB29A3E226876C800063C1A4 /* Localizable.strings in Resources */,
				DE28F3CA26A043D200D93BDD /* Mulish-MediumItalic.ttf in Resources */,
				DE28F3C226A043D200D93BDD /* Mulish-BlackItalic.ttf in Resources */,
				BB381269268739A60008FDC6 /* LessonsQuery.graphql in Resources */,
				DE28F3C926A043D200D93BDD /* Mulish-Medium.ttf in Resources */,
				DE28F3C326A043D200D93BDD /* Mulish-SemiBoldItalic.ttf in Resources */,
				BB38126326872D980008FDC6 /* ThemesQuery.graphql in Resources */,
				DE28F3C026A043D200D93BDD /* Mulish-Regular.ttf in Resources */,
			);
			runOnlyForDeploymentPostprocessing = 0;
		};
		BB1F1CE7268701B500663EEC /* Resources */ = {
			isa = PBXResourcesBuildPhase;
			buildActionMask = 2147483647;
			files = (
			);
			runOnlyForDeploymentPostprocessing = 0;
		};
		BB1F1CF2268701B500663EEC /* Resources */ = {
			isa = PBXResourcesBuildPhase;
			buildActionMask = 2147483647;
			files = (
			);
			runOnlyForDeploymentPostprocessing = 0;
		};
/* End PBXResourcesBuildPhase section */

/* Begin PBXShellScriptBuildPhase section */
		BB38126126872C830008FDC6 /* ShellScript */ = {
			isa = PBXShellScriptBuildPhase;
			buildActionMask = 2147483647;
			files = (
			);
			inputFileListPaths = (
			);
			inputPaths = (
			);
			outputFileListPaths = (
			);
			outputPaths = (
			);
			runOnlyForDeploymentPostprocessing = 0;
			shellPath = /bin/sh;
			shellScript = "# Go to the build root and search up the chain to find the Derived Data Path where the source packages are checked out.\nDERIVED_DATA_CANDIDATE=\"${BUILD_ROOT}\"\n\nwhile ! [ -d \"${DERIVED_DATA_CANDIDATE}/SourcePackages\" ]; do\n  if [ \"${DERIVED_DATA_CANDIDATE}\" = / ]; then\n    echo >&2 \"error: Unable to locate SourcePackages directory from BUILD_ROOT: '${BUILD_ROOT}'\"\n    exit 1\n  fi\n\n  DERIVED_DATA_CANDIDATE=\"$(dirname \"${DERIVED_DATA_CANDIDATE}\")\"\ndone\n\n# Grab a reference to the directory where scripts are checked out\nSCRIPT_PATH=\"${DERIVED_DATA_CANDIDATE}/SourcePackages/checkouts/apollo-ios/scripts\"\n\nif [ -z \"${SCRIPT_PATH}\" ]; then\n    echo >&2 \"error: Couldn't find the CLI script in your checked out SPM packages; make sure to add the framework to your project.\"\n    exit 1\nfi\n\ncd \"${SRCROOT}/${TARGET_NAME}/NetworkingLayer/GraphQL\"\n\"${SCRIPT_PATH}\"/run-bundled-codegen.sh codegen:generate --target=swift --includes=./**/*.graphql --localSchemaFile=\"schema.json\" API.swift\n\n\n";
		};
		DE60B19526871DB300EB01F8 /* ShellScript */ = {
			isa = PBXShellScriptBuildPhase;
			buildActionMask = 2147483647;
			files = (
			);
			inputFileListPaths = (
			);
			inputPaths = (
			);
			outputFileListPaths = (
			);
			outputPaths = (
			);
			runOnlyForDeploymentPostprocessing = 0;
			shellPath = /bin/sh;
			shellScript = "# Type a script or drag a script file from your workspace to insert its path.\ncd BuildTools\nSDKROOT=macosx\n#swift package update #Uncomment this line temporarily to update the version used to the latest matching your BuildTools/Package.swift file\nswift run -c release swiftformat \"$SRCROOT\"\n";
		};
/* End PBXShellScriptBuildPhase section */

/* Begin PBXSourcesBuildPhase section */
		BB1F1CCF268701B400663EEC /* Sources */ = {
			isa = PBXSourcesBuildPhase;
			buildActionMask = 2147483647;
			files = (
				BB38125A268727A00008FDC6 /* DataProviderProtocol.swift in Sources */,
				BB38125D268728200008FDC6 /* Config.swift in Sources */,
				DE96A06F26B56CF30071188D /* CheckboxFieldView.swift in Sources */,
				BB13A3BE26BAE09600E0A7D5 /* ThemeDetailsViewModel.swift in Sources */,
				DE943E1F269D8D6000DD2EC3 /* SignUpCoordinator.swift in Sources */,
				BB1F1CD7268701B400663EEC /* AppDelegate.swift in Sources */,
				DECD7A0D269F1179004FE9E3 /* Validator.swift in Sources */,
				DE60B1CC26875F9F00EB01F8 /* OnboardingPage.swift in Sources */,
				DEDDCCB1269E292F00E64AAE /* Text+Styling.swift in Sources */,
				BB13A3B526BABF0800E0A7D5 /* LessonsList.swift in Sources */,
				DEDDCCB7269E2C3C00E64AAE /* SignInFormView.swift in Sources */,
				DE60B1A226874A2700EB01F8 /* NSObject+Extensions.swift in Sources */,
				DE96A06D26B545E40071188D /* SignUpFormViewModel.swift in Sources */,
				BBC3A22026B545E6009C6DDE /* ThemesNode.swift in Sources */,
				DE60B1A5268754CB00EB01F8 /* OnboardingViewModel.swift in Sources */,
				BB6E990C26B9DD35007B44F9 /* SearchBar.swift in Sources */,
				DEDDCCB3269E2B5400E64AAE /* ProvidersView.swift in Sources */,
				DE60B19D2687466300EB01F8 /* OnboardingHeroView.swift in Sources */,
				BB13A3AC26BAAD5A00E0A7D5 /* HomeViewModel.swift in Sources */,
				BB13A3BA26BAE03100E0A7D5 /* ThemeDetails.swift in Sources */,
				BBC3A21D26B5444E009C6DDE /* DiscoverViewModel.swift in Sources */,
				BB13A3B326BABDC400E0A7D5 /* LessonItemCell.swift in Sources */,
				DE943E24269D8EC700DD2EC3 /* CreateNewPasswordView.swift in Sources */,
				DE60B19F2687476200EB01F8 /* OnboardingPageViewController.swift in Sources */,
				DEDDCCAB269E22BE00E64AAE /* TrailingCloseButton.swift in Sources */,
				DE60B19B268745C200EB01F8 /* OnboardingViewController.swift in Sources */,
				DEDDCCB5269E2BCD00E64AAE /* CustomDividerView.swift in Sources */,
				BB38125F268728440008FDC6 /* GraphAPIService.swift in Sources */,
				BB29A3EB268774590063C1A4 /* ProfileCoordinator.swift in Sources */,
				BB6E990A26B9DBCB007B44F9 /* ListHeaderView.swift in Sources */,
				DE943E13269D8B9C00DD2EC3 /* SignInView.swift in Sources */,
				BB2B8B7D26CC594100C482FD /* ResetPasswordViewModel.swift in Sources */,
				DE85640226A0521B004A83BF /* LandingPageCoordinator.swift in Sources */,
				BB2B8B7F26CC5A8C00C482FD /* NoticeView.swift.swift in Sources */,
				DE85640626A05AA2004A83BF /* ExistingAccountFooterView.swift in Sources */,
				BB381265268739580008FDC6 /* API.swift in Sources */,
				BB38127626874D7D0008FDC6 /* MenuCoordinator.swift in Sources */,
				DE96A06A26B5454E0071188D /* SignUpFormView.swift in Sources */,
				DECD7A0B269EFA70004FE9E3 /* SignInViewModel.swift in Sources */,
				BBC3A22426B55BAC009C6DDE /* ThemeItemCell.swift in Sources */,
				DE9C0A912689CB3E00B6AFA0 /* OnboardingCoordinator.swift in Sources */,
				DE943E1B269D8CFC00DD2EC3 /* SignUpView.swift in Sources */,
				BB7699AC26875430009DF26F /* SceneDelegate.swift in Sources */,
				DE943E1D269D8D3800DD2EC3 /* SignInCoordinator.swift in Sources */,
				BB13A3B126BAB45500E0A7D5 /* LessonNode.swift in Sources */,
				DE85640426A0525A004A83BF /* LandingPageView.swift in Sources */,
				BB38126C268749CC0008FDC6 /* MenuTabBarController.swift in Sources */,
				BBC3A22226B54988009C6DDE /* DiscoverView.swift in Sources */,
				BB38127126874CFA0008FDC6 /* Coordinator.swift in Sources */,
				BB13A3A926BAAC4400E0A7D5 /* HomeView.swift in Sources */,
				BBC3A21726B54418009C6DDE /* NetworkingConstants.swift in Sources */,
				BB381284268751CD0008FDC6 /* ProfileViewController.swift in Sources */,
				BB13A3AF26BAB3B300E0A7D5 /* Lesson.swift in Sources */,
				BB29A3E7268772B60063C1A4 /* DiscoverCoordinator.swift in Sources */,
				BBC3A21C26B5444E009C6DDE /* Theme.swift in Sources */,
				BB29A3E9268773FC0063C1A4 /* HomeCoordinator.swift in Sources */,
				DE943E22269D8EB100DD2EC3 /* ResetPasswordView.swift in Sources */,
				BB29A3DE26876C4F0063C1A4 /* AppStrings.swift in Sources */,
				DE4B86CD269DBEC100D7636E /* InputFieldView.swift in Sources */,
				BB38126E26874C930008FDC6 /* ApplicationCoordinator.swift in Sources */,
				BBC3A21626B54418009C6DDE /* APIError.swift in Sources */,
				BB13A3B726BABF8100E0A7D5 /* ThemesGrid.swift in Sources */,
			);
			runOnlyForDeploymentPostprocessing = 0;
		};
		BB1F1CE5268701B500663EEC /* Sources */ = {
			isa = PBXSourcesBuildPhase;
			buildActionMask = 2147483647;
			files = (
				BB1F1CEE268701B500663EEC /* Teacher_WorkoutTests.swift in Sources */,
			);
			runOnlyForDeploymentPostprocessing = 0;
		};
		BB1F1CF0268701B500663EEC /* Sources */ = {
			isa = PBXSourcesBuildPhase;
			buildActionMask = 2147483647;
			files = (
				BB1F1CF9268701B500663EEC /* Teacher_WorkoutUITests.swift in Sources */,
			);
			runOnlyForDeploymentPostprocessing = 0;
		};
/* End PBXSourcesBuildPhase section */

/* Begin PBXTargetDependency section */
		BB1F1CEB268701B500663EEC /* PBXTargetDependency */ = {
			isa = PBXTargetDependency;
			target = BB1F1CD2268701B400663EEC /* Teacher Workout */;
			targetProxy = BB1F1CEA268701B500663EEC /* PBXContainerItemProxy */;
		};
		BB1F1CF6268701B500663EEC /* PBXTargetDependency */ = {
			isa = PBXTargetDependency;
			target = BB1F1CD2268701B400663EEC /* Teacher Workout */;
			targetProxy = BB1F1CF5268701B500663EEC /* PBXContainerItemProxy */;
		};
/* End PBXTargetDependency section */

/* Begin PBXVariantGroup section */
		BB1F1CE1268701B500663EEC /* LaunchScreen.storyboard */ = {
			isa = PBXVariantGroup;
			children = (
				BB1F1CE2268701B500663EEC /* Base */,
				BB29A3DF26876C6E0063C1A4 /* ro */,
			);
			name = LaunchScreen.storyboard;
			sourceTree = "<group>";
		};
		BB29A3E426876C800063C1A4 /* Localizable.strings */ = {
			isa = PBXVariantGroup;
			children = (
				BB29A3E326876C800063C1A4 /* en */,
				BB29A3E526876C830063C1A4 /* ro */,
			);
			name = Localizable.strings;
			sourceTree = "<group>";
		};
/* End PBXVariantGroup section */

/* Begin XCBuildConfiguration section */
		BB1F1CFB268701B500663EEC /* Debug */ = {
			isa = XCBuildConfiguration;
			buildSettings = {
				ALWAYS_SEARCH_USER_PATHS = NO;
				CLANG_ANALYZER_LOCALIZABILITY_NONLOCALIZED = YES;
				CLANG_ANALYZER_NONNULL = YES;
				CLANG_ANALYZER_NUMBER_OBJECT_CONVERSION = YES_AGGRESSIVE;
				CLANG_CXX_LANGUAGE_STANDARD = "gnu++14";
				CLANG_CXX_LIBRARY = "libc++";
				CLANG_ENABLE_MODULES = YES;
				CLANG_ENABLE_OBJC_ARC = YES;
				CLANG_ENABLE_OBJC_WEAK = YES;
				CLANG_WARN_BLOCK_CAPTURE_AUTORELEASING = YES;
				CLANG_WARN_BOOL_CONVERSION = YES;
				CLANG_WARN_COMMA = YES;
				CLANG_WARN_CONSTANT_CONVERSION = YES;
				CLANG_WARN_DEPRECATED_OBJC_IMPLEMENTATIONS = YES;
				CLANG_WARN_DIRECT_OBJC_ISA_USAGE = YES_ERROR;
				CLANG_WARN_DOCUMENTATION_COMMENTS = YES;
				CLANG_WARN_EMPTY_BODY = YES;
				CLANG_WARN_ENUM_CONVERSION = YES;
				CLANG_WARN_INFINITE_RECURSION = YES;
				CLANG_WARN_INT_CONVERSION = YES;
				CLANG_WARN_NON_LITERAL_NULL_CONVERSION = YES;
				CLANG_WARN_OBJC_IMPLICIT_RETAIN_SELF = YES;
				CLANG_WARN_OBJC_LITERAL_CONVERSION = YES;
				CLANG_WARN_OBJC_ROOT_CLASS = YES_ERROR;
				CLANG_WARN_QUOTED_INCLUDE_IN_FRAMEWORK_HEADER = YES;
				CLANG_WARN_RANGE_LOOP_ANALYSIS = YES;
				CLANG_WARN_STRICT_PROTOTYPES = YES;
				CLANG_WARN_SUSPICIOUS_MOVE = YES;
				CLANG_WARN_UNGUARDED_AVAILABILITY = YES_AGGRESSIVE;
				CLANG_WARN_UNREACHABLE_CODE = YES;
				CLANG_WARN__DUPLICATE_METHOD_MATCH = YES;
				COPY_PHASE_STRIP = NO;
				DEBUG_INFORMATION_FORMAT = dwarf;
				ENABLE_STRICT_OBJC_MSGSEND = YES;
				ENABLE_TESTABILITY = YES;
				GCC_C_LANGUAGE_STANDARD = gnu11;
				GCC_DYNAMIC_NO_PIC = NO;
				GCC_NO_COMMON_BLOCKS = YES;
				GCC_OPTIMIZATION_LEVEL = 0;
				GCC_PREPROCESSOR_DEFINITIONS = (
					"DEBUG=1",
					"$(inherited)",
				);
				GCC_WARN_64_TO_32_BIT_CONVERSION = YES;
				GCC_WARN_ABOUT_RETURN_TYPE = YES_ERROR;
				GCC_WARN_UNDECLARED_SELECTOR = YES;
				GCC_WARN_UNINITIALIZED_AUTOS = YES_AGGRESSIVE;
				GCC_WARN_UNUSED_FUNCTION = YES;
				GCC_WARN_UNUSED_VARIABLE = YES;
				IPHONEOS_DEPLOYMENT_TARGET = 14.1;
				MTL_ENABLE_DEBUG_INFO = INCLUDE_SOURCE;
				MTL_FAST_MATH = YES;
				ONLY_ACTIVE_ARCH = YES;
				SDKROOT = iphoneos;
				SWIFT_ACTIVE_COMPILATION_CONDITIONS = DEBUG;
				SWIFT_OPTIMIZATION_LEVEL = "-Onone";
				SWIFT_VERSION = 5.0;
			};
			name = Debug;
		};
		BB1F1CFC268701B500663EEC /* Release */ = {
			isa = XCBuildConfiguration;
			buildSettings = {
				ALWAYS_SEARCH_USER_PATHS = NO;
				CLANG_ANALYZER_LOCALIZABILITY_NONLOCALIZED = YES;
				CLANG_ANALYZER_NONNULL = YES;
				CLANG_ANALYZER_NUMBER_OBJECT_CONVERSION = YES_AGGRESSIVE;
				CLANG_CXX_LANGUAGE_STANDARD = "gnu++14";
				CLANG_CXX_LIBRARY = "libc++";
				CLANG_ENABLE_MODULES = YES;
				CLANG_ENABLE_OBJC_ARC = YES;
				CLANG_ENABLE_OBJC_WEAK = YES;
				CLANG_WARN_BLOCK_CAPTURE_AUTORELEASING = YES;
				CLANG_WARN_BOOL_CONVERSION = YES;
				CLANG_WARN_COMMA = YES;
				CLANG_WARN_CONSTANT_CONVERSION = YES;
				CLANG_WARN_DEPRECATED_OBJC_IMPLEMENTATIONS = YES;
				CLANG_WARN_DIRECT_OBJC_ISA_USAGE = YES_ERROR;
				CLANG_WARN_DOCUMENTATION_COMMENTS = YES;
				CLANG_WARN_EMPTY_BODY = YES;
				CLANG_WARN_ENUM_CONVERSION = YES;
				CLANG_WARN_INFINITE_RECURSION = YES;
				CLANG_WARN_INT_CONVERSION = YES;
				CLANG_WARN_NON_LITERAL_NULL_CONVERSION = YES;
				CLANG_WARN_OBJC_IMPLICIT_RETAIN_SELF = YES;
				CLANG_WARN_OBJC_LITERAL_CONVERSION = YES;
				CLANG_WARN_OBJC_ROOT_CLASS = YES_ERROR;
				CLANG_WARN_QUOTED_INCLUDE_IN_FRAMEWORK_HEADER = YES;
				CLANG_WARN_RANGE_LOOP_ANALYSIS = YES;
				CLANG_WARN_STRICT_PROTOTYPES = YES;
				CLANG_WARN_SUSPICIOUS_MOVE = YES;
				CLANG_WARN_UNGUARDED_AVAILABILITY = YES_AGGRESSIVE;
				CLANG_WARN_UNREACHABLE_CODE = YES;
				CLANG_WARN__DUPLICATE_METHOD_MATCH = YES;
				COPY_PHASE_STRIP = NO;
				DEBUG_INFORMATION_FORMAT = "dwarf-with-dsym";
				ENABLE_NS_ASSERTIONS = NO;
				ENABLE_STRICT_OBJC_MSGSEND = YES;
				GCC_C_LANGUAGE_STANDARD = gnu11;
				GCC_NO_COMMON_BLOCKS = YES;
				GCC_WARN_64_TO_32_BIT_CONVERSION = YES;
				GCC_WARN_ABOUT_RETURN_TYPE = YES_ERROR;
				GCC_WARN_UNDECLARED_SELECTOR = YES;
				GCC_WARN_UNINITIALIZED_AUTOS = YES_AGGRESSIVE;
				GCC_WARN_UNUSED_FUNCTION = YES;
				GCC_WARN_UNUSED_VARIABLE = YES;
				IPHONEOS_DEPLOYMENT_TARGET = 14.1;
				MTL_ENABLE_DEBUG_INFO = NO;
				MTL_FAST_MATH = YES;
				SDKROOT = iphoneos;
				SWIFT_COMPILATION_MODE = wholemodule;
				SWIFT_OPTIMIZATION_LEVEL = "-O";
				SWIFT_VERSION = 5.0;
				VALIDATE_PRODUCT = YES;
			};
			name = Release;
		};
		BB1F1CFE268701B500663EEC /* Debug */ = {
			isa = XCBuildConfiguration;
			buildSettings = {
				ASSETCATALOG_COMPILER_APPICON_NAME = AppIcon;
				ASSETCATALOG_COMPILER_GLOBAL_ACCENT_COLOR_NAME = AccentColor;
				CODE_SIGN_STYLE = Automatic;
				INFOPLIST_FILE = "Teacher Workout/Info.plist";
				LD_RUNPATH_SEARCH_PATHS = (
					"$(inherited)",
					"@executable_path/Frameworks",
				);
				PRODUCT_BUNDLE_IDENTIFIER = "com.code.Teacher-Workout";
				PRODUCT_NAME = "$(TARGET_NAME)";
				TARGETED_DEVICE_FAMILY = 1;
			};
			name = Debug;
		};
		BB1F1CFF268701B500663EEC /* Release */ = {
			isa = XCBuildConfiguration;
			buildSettings = {
				ASSETCATALOG_COMPILER_APPICON_NAME = AppIcon;
				ASSETCATALOG_COMPILER_GLOBAL_ACCENT_COLOR_NAME = AccentColor;
				CODE_SIGN_STYLE = Automatic;
				INFOPLIST_FILE = "Teacher Workout/Info.plist";
				LD_RUNPATH_SEARCH_PATHS = (
					"$(inherited)",
					"@executable_path/Frameworks",
				);
				PRODUCT_BUNDLE_IDENTIFIER = "com.code.Teacher-Workout";
				PRODUCT_NAME = "$(TARGET_NAME)";
				TARGETED_DEVICE_FAMILY = 1;
			};
			name = Release;
		};
		BB1F1D01268701B500663EEC /* Debug */ = {
			isa = XCBuildConfiguration;
			buildSettings = {
				ALWAYS_EMBED_SWIFT_STANDARD_LIBRARIES = YES;
				BUNDLE_LOADER = "$(TEST_HOST)";
				CODE_SIGN_STYLE = Automatic;
				INFOPLIST_FILE = "Teacher WorkoutTests/Info.plist";
				LD_RUNPATH_SEARCH_PATHS = (
					"$(inherited)",
					"@executable_path/Frameworks",
					"@loader_path/Frameworks",
				);
				PRODUCT_BUNDLE_IDENTIFIER = "com.code.Teacher-WorkoutTests";
				PRODUCT_NAME = "$(TARGET_NAME)";
				TARGETED_DEVICE_FAMILY = "1,2";
				TEST_HOST = "$(BUILT_PRODUCTS_DIR)/Teacher Workout.app/Teacher Workout";
			};
			name = Debug;
		};
		BB1F1D02268701B500663EEC /* Release */ = {
			isa = XCBuildConfiguration;
			buildSettings = {
				ALWAYS_EMBED_SWIFT_STANDARD_LIBRARIES = YES;
				BUNDLE_LOADER = "$(TEST_HOST)";
				CODE_SIGN_STYLE = Automatic;
				INFOPLIST_FILE = "Teacher WorkoutTests/Info.plist";
				LD_RUNPATH_SEARCH_PATHS = (
					"$(inherited)",
					"@executable_path/Frameworks",
					"@loader_path/Frameworks",
				);
				PRODUCT_BUNDLE_IDENTIFIER = "com.code.Teacher-WorkoutTests";
				PRODUCT_NAME = "$(TARGET_NAME)";
				TARGETED_DEVICE_FAMILY = "1,2";
				TEST_HOST = "$(BUILT_PRODUCTS_DIR)/Teacher Workout.app/Teacher Workout";
			};
			name = Release;
		};
		BB1F1D04268701B500663EEC /* Debug */ = {
			isa = XCBuildConfiguration;
			buildSettings = {
				ALWAYS_EMBED_SWIFT_STANDARD_LIBRARIES = YES;
				CODE_SIGN_STYLE = Automatic;
				INFOPLIST_FILE = "Teacher WorkoutUITests/Info.plist";
				LD_RUNPATH_SEARCH_PATHS = (
					"$(inherited)",
					"@executable_path/Frameworks",
					"@loader_path/Frameworks",
				);
				PRODUCT_BUNDLE_IDENTIFIER = "com.code.Teacher-WorkoutUITests";
				PRODUCT_NAME = "$(TARGET_NAME)";
				TARGETED_DEVICE_FAMILY = "1,2";
				TEST_TARGET_NAME = "Teacher Workout";
			};
			name = Debug;
		};
		BB1F1D05268701B500663EEC /* Release */ = {
			isa = XCBuildConfiguration;
			buildSettings = {
				ALWAYS_EMBED_SWIFT_STANDARD_LIBRARIES = YES;
				CODE_SIGN_STYLE = Automatic;
				INFOPLIST_FILE = "Teacher WorkoutUITests/Info.plist";
				LD_RUNPATH_SEARCH_PATHS = (
					"$(inherited)",
					"@executable_path/Frameworks",
					"@loader_path/Frameworks",
				);
				PRODUCT_BUNDLE_IDENTIFIER = "com.code.Teacher-WorkoutUITests";
				PRODUCT_NAME = "$(TARGET_NAME)";
				TARGETED_DEVICE_FAMILY = "1,2";
				TEST_TARGET_NAME = "Teacher Workout";
			};
			name = Release;
		};
/* End XCBuildConfiguration section */

/* Begin XCConfigurationList section */
		BB1F1CCE268701B400663EEC /* Build configuration list for PBXProject "Teacher Workout" */ = {
			isa = XCConfigurationList;
			buildConfigurations = (
				BB1F1CFB268701B500663EEC /* Debug */,
				BB1F1CFC268701B500663EEC /* Release */,
			);
			defaultConfigurationIsVisible = 0;
			defaultConfigurationName = Release;
		};
		BB1F1CFD268701B500663EEC /* Build configuration list for PBXNativeTarget "Teacher Workout" */ = {
			isa = XCConfigurationList;
			buildConfigurations = (
				BB1F1CFE268701B500663EEC /* Debug */,
				BB1F1CFF268701B500663EEC /* Release */,
			);
			defaultConfigurationIsVisible = 0;
			defaultConfigurationName = Release;
		};
		BB1F1D00268701B500663EEC /* Build configuration list for PBXNativeTarget "Teacher WorkoutTests" */ = {
			isa = XCConfigurationList;
			buildConfigurations = (
				BB1F1D01268701B500663EEC /* Debug */,
				BB1F1D02268701B500663EEC /* Release */,
			);
			defaultConfigurationIsVisible = 0;
			defaultConfigurationName = Release;
		};
		BB1F1D03268701B500663EEC /* Build configuration list for PBXNativeTarget "Teacher WorkoutUITests" */ = {
			isa = XCConfigurationList;
			buildConfigurations = (
				BB1F1D04268701B500663EEC /* Debug */,
				BB1F1D05268701B500663EEC /* Release */,
			);
			defaultConfigurationIsVisible = 0;
			defaultConfigurationName = Release;
		};
/* End XCConfigurationList section */

/* Begin XCRemoteSwiftPackageReference section */
		BB381253268726E70008FDC6 /* XCRemoteSwiftPackageReference "apollo-ios" */ = {
			isa = XCRemoteSwiftPackageReference;
			repositoryURL = "https://github.com/apollographql/apollo-ios.git";
			requirement = {
				kind = upToNextMajorVersion;
				minimumVersion = 0.44.0;
			};
		};
		BBC3A22526B5789F009C6DDE /* XCRemoteSwiftPackageReference "Kingfisher" */ = {
			isa = XCRemoteSwiftPackageReference;
			repositoryURL = "https://github.com/onevcat/Kingfisher.git";
			requirement = {
				kind = upToNextMajorVersion;
				minimumVersion = 6.3.0;
			};
		};
/* End XCRemoteSwiftPackageReference section */

/* Begin XCSwiftPackageProductDependency section */
		BB381254268726E70008FDC6 /* Apollo */ = {
			isa = XCSwiftPackageProductDependency;
			package = BB381253268726E70008FDC6 /* XCRemoteSwiftPackageReference "apollo-ios" */;
			productName = Apollo;
		};
		BBC3A22626B5789F009C6DDE /* Kingfisher */ = {
			isa = XCSwiftPackageProductDependency;
			package = BBC3A22526B5789F009C6DDE /* XCRemoteSwiftPackageReference "Kingfisher" */;
			productName = Kingfisher;
		};
/* End XCSwiftPackageProductDependency section */
	};
	rootObject = BB1F1CCB268701B400663EEC /* Project object */;
}
