// !$*UTF8*$!
{
	archiveVersion = 1;
	classes = {
	};
	objectVersion = 52;
	objects = {

/* Begin PBXBuildFile section */
		BB1F1CD7268701B400663EEC /* AppDelegate.swift in Sources */ = {isa = PBXBuildFile; fileRef = BB1F1CD6268701B400663EEC /* AppDelegate.swift */; };
		BB1F1CE0268701B500663EEC /* Assets.xcassets in Resources */ = {isa = PBXBuildFile; fileRef = BB1F1CDF268701B500663EEC /* Assets.xcassets */; };
		BB1F1CE3268701B500663EEC /* LaunchScreen.storyboard in Resources */ = {isa = PBXBuildFile; fileRef = BB1F1CE1268701B500663EEC /* LaunchScreen.storyboard */; };
		BB1F1CEE268701B500663EEC /* Teacher_WorkoutTests.swift in Sources */ = {isa = PBXBuildFile; fileRef = BB1F1CED268701B500663EEC /* Teacher_WorkoutTests.swift */; };
		BB1F1CF9268701B500663EEC /* Teacher_WorkoutUITests.swift in Sources */ = {isa = PBXBuildFile; fileRef = BB1F1CF8268701B500663EEC /* Teacher_WorkoutUITests.swift */; };
		BB29A3DE26876C4F0063C1A4 /* AppStrings.swift in Sources */ = {isa = PBXBuildFile; fileRef = BB29A3DD26876C4F0063C1A4 /* AppStrings.swift */; };
		BB29A3E226876C800063C1A4 /* Localizable.strings in Resources */ = {isa = PBXBuildFile; fileRef = BB29A3E426876C800063C1A4 /* Localizable.strings */; };
		BB29A3E7268772B60063C1A4 /* DiscoverCoordinator.swift in Sources */ = {isa = PBXBuildFile; fileRef = BB29A3E6268772B60063C1A4 /* DiscoverCoordinator.swift */; };
		BB29A3E9268773FC0063C1A4 /* HomeCoordinator.swift in Sources */ = {isa = PBXBuildFile; fileRef = BB29A3E8268773FC0063C1A4 /* HomeCoordinator.swift */; };
		BB29A3EB268774590063C1A4 /* ProfileCoordinator.swift in Sources */ = {isa = PBXBuildFile; fileRef = BB29A3EA268774590063C1A4 /* ProfileCoordinator.swift */; };
		BB381255268726E70008FDC6 /* Apollo in Frameworks */ = {isa = PBXBuildFile; productRef = BB381254268726E70008FDC6 /* Apollo */; };
		BB38125A268727A00008FDC6 /* DataProviderProtocol.swift in Sources */ = {isa = PBXBuildFile; fileRef = BB381259268727A00008FDC6 /* DataProviderProtocol.swift */; };
		BB38125D268728200008FDC6 /* Config.swift in Sources */ = {isa = PBXBuildFile; fileRef = BB38125C268728200008FDC6 /* Config.swift */; };
		BB38125F268728440008FDC6 /* GraphAPIService.swift in Sources */ = {isa = PBXBuildFile; fileRef = BB38125E268728440008FDC6 /* GraphAPIService.swift */; };
		BB38126326872D980008FDC6 /* ThemesQuery.graphql in Resources */ = {isa = PBXBuildFile; fileRef = BB38126226872D980008FDC6 /* ThemesQuery.graphql */; };
		BB381265268739580008FDC6 /* API.swift in Sources */ = {isa = PBXBuildFile; fileRef = BB381264268739580008FDC6 /* API.swift */; };
		BB381269268739A60008FDC6 /* LessonsQuery.graphql in Resources */ = {isa = PBXBuildFile; fileRef = BB381267268739A60008FDC6 /* LessonsQuery.graphql */; };
		BB38126C268749CC0008FDC6 /* MenuTabBarController.swift in Sources */ = {isa = PBXBuildFile; fileRef = BB38126B268749CC0008FDC6 /* MenuTabBarController.swift */; };
		BB38126E26874C930008FDC6 /* ApplicationCoordinator.swift in Sources */ = {isa = PBXBuildFile; fileRef = BB38126D26874C930008FDC6 /* ApplicationCoordinator.swift */; };
		BB38127126874CFA0008FDC6 /* Coordinator.swift in Sources */ = {isa = PBXBuildFile; fileRef = BB38127026874CFA0008FDC6 /* Coordinator.swift */; };
		BB38127626874D7D0008FDC6 /* MenuCoordinator.swift in Sources */ = {isa = PBXBuildFile; fileRef = BB38127526874D7D0008FDC6 /* MenuCoordinator.swift */; };
		BB381280268751940008FDC6 /* HomeViewController.swift in Sources */ = {isa = PBXBuildFile; fileRef = BB38127F268751940008FDC6 /* HomeViewController.swift */; };
		BB381282268751BB0008FDC6 /* DiscoverViewController.swift in Sources */ = {isa = PBXBuildFile; fileRef = BB381281268751BB0008FDC6 /* DiscoverViewController.swift */; };
		BB381284268751CD0008FDC6 /* ProfileViewController.swift in Sources */ = {isa = PBXBuildFile; fileRef = BB381283268751CD0008FDC6 /* ProfileViewController.swift */; };
		BB7699AC26875430009DF26F /* SceneDelegate.swift in Sources */ = {isa = PBXBuildFile; fileRef = BB7699AB26875430009DF26F /* SceneDelegate.swift */; };
		DE60B1992687376200EB01F8 /* Onboarding.storyboard in Resources */ = {isa = PBXBuildFile; fileRef = DE60B1982687376200EB01F8 /* Onboarding.storyboard */; };
		DE60B19B268745C200EB01F8 /* OnboardingViewController.swift in Sources */ = {isa = PBXBuildFile; fileRef = DE60B19A268745C200EB01F8 /* OnboardingViewController.swift */; };
		DE60B19D2687466300EB01F8 /* OnboardingHeroView.swift in Sources */ = {isa = PBXBuildFile; fileRef = DE60B19C2687466300EB01F8 /* OnboardingHeroView.swift */; };
		DE60B19F2687476200EB01F8 /* OnboardingPageViewController.swift in Sources */ = {isa = PBXBuildFile; fileRef = DE60B19E2687476200EB01F8 /* OnboardingPageViewController.swift */; };
		DE60B1A226874A2700EB01F8 /* NSObject+Extensions.swift in Sources */ = {isa = PBXBuildFile; fileRef = DE60B1A126874A2700EB01F8 /* NSObject+Extensions.swift */; };
		DE60B1A5268754CB00EB01F8 /* OnboardingViewModel.swift in Sources */ = {isa = PBXBuildFile; fileRef = DE60B1A4268754CB00EB01F8 /* OnboardingViewModel.swift */; };
		DE60B1B8268755FB00EB01F8 /* Mulish-SemiBold.ttf in Resources */ = {isa = PBXBuildFile; fileRef = DE60B1A8268755FA00EB01F8 /* Mulish-SemiBold.ttf */; };
		DE60B1B9268755FB00EB01F8 /* Mulish-Medium.ttf in Resources */ = {isa = PBXBuildFile; fileRef = DE60B1A9268755FA00EB01F8 /* Mulish-Medium.ttf */; };
		DE60B1BA268755FB00EB01F8 /* Mulish-LightItalic.ttf in Resources */ = {isa = PBXBuildFile; fileRef = DE60B1AA268755FA00EB01F8 /* Mulish-LightItalic.ttf */; };
		DE60B1BB268755FB00EB01F8 /* Mulish-ExtraLightItalic.ttf in Resources */ = {isa = PBXBuildFile; fileRef = DE60B1AB268755FA00EB01F8 /* Mulish-ExtraLightItalic.ttf */; };
		DE60B1BC268755FB00EB01F8 /* Mulish-Bold.ttf in Resources */ = {isa = PBXBuildFile; fileRef = DE60B1AC268755FA00EB01F8 /* Mulish-Bold.ttf */; };
		DE60B1BD268755FB00EB01F8 /* Mulish-BlackItalic.ttf in Resources */ = {isa = PBXBuildFile; fileRef = DE60B1AD268755FA00EB01F8 /* Mulish-BlackItalic.ttf */; };
		DE60B1BE268755FB00EB01F8 /* Mulish-BoldItalic.ttf in Resources */ = {isa = PBXBuildFile; fileRef = DE60B1AE268755FA00EB01F8 /* Mulish-BoldItalic.ttf */; };
		DE60B1BF268755FB00EB01F8 /* Mulish-Italic.ttf in Resources */ = {isa = PBXBuildFile; fileRef = DE60B1AF268755FA00EB01F8 /* Mulish-Italic.ttf */; };
		DE60B1C0268755FB00EB01F8 /* Mulish-ExtraBoldItalic.ttf in Resources */ = {isa = PBXBuildFile; fileRef = DE60B1B0268755FB00EB01F8 /* Mulish-ExtraBoldItalic.ttf */; };
		DE60B1C1268755FB00EB01F8 /* Mulish-SemiBoldItalic.ttf in Resources */ = {isa = PBXBuildFile; fileRef = DE60B1B1268755FB00EB01F8 /* Mulish-SemiBoldItalic.ttf */; };
		DE60B1C2268755FB00EB01F8 /* Mulish-Black.ttf in Resources */ = {isa = PBXBuildFile; fileRef = DE60B1B2268755FB00EB01F8 /* Mulish-Black.ttf */; };
		DE60B1C3268755FB00EB01F8 /* Mulish-MediumItalic.ttf in Resources */ = {isa = PBXBuildFile; fileRef = DE60B1B3268755FB00EB01F8 /* Mulish-MediumItalic.ttf */; };
		DE60B1C4268755FB00EB01F8 /* Mulish-Light.ttf in Resources */ = {isa = PBXBuildFile; fileRef = DE60B1B4268755FB00EB01F8 /* Mulish-Light.ttf */; };
		DE60B1C5268755FB00EB01F8 /* Mulish-Regular.ttf in Resources */ = {isa = PBXBuildFile; fileRef = DE60B1B5268755FB00EB01F8 /* Mulish-Regular.ttf */; };
		DE60B1C6268755FB00EB01F8 /* Mulish-ExtraLight.ttf in Resources */ = {isa = PBXBuildFile; fileRef = DE60B1B6268755FB00EB01F8 /* Mulish-ExtraLight.ttf */; };
		DE60B1C7268755FB00EB01F8 /* Mulish-ExtraBold.ttf in Resources */ = {isa = PBXBuildFile; fileRef = DE60B1B7268755FB00EB01F8 /* Mulish-ExtraBold.ttf */; };
		DE60B1CC26875F9F00EB01F8 /* OnboardingPage.swift in Sources */ = {isa = PBXBuildFile; fileRef = DE60B1CB26875F9F00EB01F8 /* OnboardingPage.swift */; };
		DE9C0A912689CB3E00B6AFA0 /* OnboardingCoordinator.swift in Sources */ = {isa = PBXBuildFile; fileRef = DE9C0A902689CB3E00B6AFA0 /* OnboardingCoordinator.swift */; };
/* End PBXBuildFile section */

/* Begin PBXContainerItemProxy section */
		BB1F1CEA268701B500663EEC /* PBXContainerItemProxy */ = {
			isa = PBXContainerItemProxy;
			containerPortal = BB1F1CCB268701B400663EEC /* Project object */;
			proxyType = 1;
			remoteGlobalIDString = BB1F1CD2268701B400663EEC;
			remoteInfo = "Teacher Workout";
		};
		BB1F1CF5268701B500663EEC /* PBXContainerItemProxy */ = {
			isa = PBXContainerItemProxy;
			containerPortal = BB1F1CCB268701B400663EEC /* Project object */;
			proxyType = 1;
			remoteGlobalIDString = BB1F1CD2268701B400663EEC;
			remoteInfo = "Teacher Workout";
		};
/* End PBXContainerItemProxy section */

/* Begin PBXFileReference section */
		BB1F1CD3268701B400663EEC /* Teacher Workout.app */ = {isa = PBXFileReference; explicitFileType = wrapper.application; includeInIndex = 0; path = "Teacher Workout.app"; sourceTree = BUILT_PRODUCTS_DIR; };
		BB1F1CD6268701B400663EEC /* AppDelegate.swift */ = {isa = PBXFileReference; lastKnownFileType = sourcecode.swift; path = AppDelegate.swift; sourceTree = "<group>"; };
		BB1F1CDF268701B500663EEC /* Assets.xcassets */ = {isa = PBXFileReference; lastKnownFileType = folder.assetcatalog; path = Assets.xcassets; sourceTree = "<group>"; };
		BB1F1CE2268701B500663EEC /* Base */ = {isa = PBXFileReference; lastKnownFileType = file.storyboard; name = Base; path = Base.lproj/LaunchScreen.storyboard; sourceTree = "<group>"; };
		BB1F1CE4268701B500663EEC /* Info.plist */ = {isa = PBXFileReference; lastKnownFileType = text.plist.xml; path = Info.plist; sourceTree = "<group>"; };
		BB1F1CE9268701B500663EEC /* Teacher WorkoutTests.xctest */ = {isa = PBXFileReference; explicitFileType = wrapper.cfbundle; includeInIndex = 0; path = "Teacher WorkoutTests.xctest"; sourceTree = BUILT_PRODUCTS_DIR; };
		BB1F1CED268701B500663EEC /* Teacher_WorkoutTests.swift */ = {isa = PBXFileReference; lastKnownFileType = sourcecode.swift; path = Teacher_WorkoutTests.swift; sourceTree = "<group>"; };
		BB1F1CEF268701B500663EEC /* Info.plist */ = {isa = PBXFileReference; lastKnownFileType = text.plist.xml; path = Info.plist; sourceTree = "<group>"; };
		BB1F1CF4268701B500663EEC /* Teacher WorkoutUITests.xctest */ = {isa = PBXFileReference; explicitFileType = wrapper.cfbundle; includeInIndex = 0; path = "Teacher WorkoutUITests.xctest"; sourceTree = BUILT_PRODUCTS_DIR; };
		BB1F1CF8268701B500663EEC /* Teacher_WorkoutUITests.swift */ = {isa = PBXFileReference; lastKnownFileType = sourcecode.swift; path = Teacher_WorkoutUITests.swift; sourceTree = "<group>"; };
		BB1F1CFA268701B500663EEC /* Info.plist */ = {isa = PBXFileReference; lastKnownFileType = text.plist.xml; path = Info.plist; sourceTree = "<group>"; };
		BB29A3DD26876C4F0063C1A4 /* AppStrings.swift */ = {isa = PBXFileReference; fileEncoding = 4; lastKnownFileType = sourcecode.swift; path = AppStrings.swift; sourceTree = "<group>"; };
		BB29A3DF26876C6E0063C1A4 /* ro */ = {isa = PBXFileReference; lastKnownFileType = text.plist.strings; name = ro; path = ro.lproj/LaunchScreen.strings; sourceTree = "<group>"; };
		BB29A3E326876C800063C1A4 /* en */ = {isa = PBXFileReference; lastKnownFileType = text.plist.strings; name = en; path = en.lproj/Localizable.strings; sourceTree = "<group>"; };
		BB29A3E526876C830063C1A4 /* ro */ = {isa = PBXFileReference; lastKnownFileType = text.plist.strings; name = ro; path = ro.lproj/Localizable.strings; sourceTree = "<group>"; };
		BB29A3E6268772B60063C1A4 /* DiscoverCoordinator.swift */ = {isa = PBXFileReference; lastKnownFileType = sourcecode.swift; path = DiscoverCoordinator.swift; sourceTree = "<group>"; };
		BB29A3E8268773FC0063C1A4 /* HomeCoordinator.swift */ = {isa = PBXFileReference; fileEncoding = 4; lastKnownFileType = sourcecode.swift; path = HomeCoordinator.swift; sourceTree = "<group>"; };
		BB29A3EA268774590063C1A4 /* ProfileCoordinator.swift */ = {isa = PBXFileReference; lastKnownFileType = sourcecode.swift; path = ProfileCoordinator.swift; sourceTree = "<group>"; };
		BB381259268727A00008FDC6 /* DataProviderProtocol.swift */ = {isa = PBXFileReference; lastKnownFileType = sourcecode.swift; path = DataProviderProtocol.swift; sourceTree = "<group>"; };
		BB38125C268728200008FDC6 /* Config.swift */ = {isa = PBXFileReference; lastKnownFileType = sourcecode.swift; path = Config.swift; sourceTree = "<group>"; };
		BB38125E268728440008FDC6 /* GraphAPIService.swift */ = {isa = PBXFileReference; lastKnownFileType = sourcecode.swift; path = GraphAPIService.swift; sourceTree = "<group>"; };
		BB38126226872D980008FDC6 /* ThemesQuery.graphql */ = {isa = PBXFileReference; lastKnownFileType = text; path = ThemesQuery.graphql; sourceTree = "<group>"; };
		BB381264268739580008FDC6 /* API.swift */ = {isa = PBXFileReference; fileEncoding = 4; lastKnownFileType = sourcecode.swift; path = API.swift; sourceTree = "<group>"; };
		BB381267268739A60008FDC6 /* LessonsQuery.graphql */ = {isa = PBXFileReference; fileEncoding = 4; lastKnownFileType = text; path = LessonsQuery.graphql; sourceTree = "<group>"; };
		BB38126B268749CC0008FDC6 /* MenuTabBarController.swift */ = {isa = PBXFileReference; lastKnownFileType = sourcecode.swift; path = MenuTabBarController.swift; sourceTree = "<group>"; };
		BB38126D26874C930008FDC6 /* ApplicationCoordinator.swift */ = {isa = PBXFileReference; lastKnownFileType = sourcecode.swift; path = ApplicationCoordinator.swift; sourceTree = "<group>"; };
		BB38127026874CFA0008FDC6 /* Coordinator.swift */ = {isa = PBXFileReference; fileEncoding = 4; lastKnownFileType = sourcecode.swift; path = Coordinator.swift; sourceTree = "<group>"; };
		BB38127526874D7D0008FDC6 /* MenuCoordinator.swift */ = {isa = PBXFileReference; lastKnownFileType = sourcecode.swift; path = MenuCoordinator.swift; sourceTree = "<group>"; };
		BB38127F268751940008FDC6 /* HomeViewController.swift */ = {isa = PBXFileReference; lastKnownFileType = sourcecode.swift; path = HomeViewController.swift; sourceTree = "<group>"; };
		BB381281268751BB0008FDC6 /* DiscoverViewController.swift */ = {isa = PBXFileReference; lastKnownFileType = sourcecode.swift; path = DiscoverViewController.swift; sourceTree = "<group>"; };
		BB381283268751CD0008FDC6 /* ProfileViewController.swift */ = {isa = PBXFileReference; lastKnownFileType = sourcecode.swift; path = ProfileViewController.swift; sourceTree = "<group>"; };
		BB7699AB26875430009DF26F /* SceneDelegate.swift */ = {isa = PBXFileReference; fileEncoding = 4; lastKnownFileType = sourcecode.swift; path = SceneDelegate.swift; sourceTree = "<group>"; };
		DE60B19326871D9700EB01F8 /* Package.swift */ = {isa = PBXFileReference; lastKnownFileType = sourcecode.swift; path = Package.swift; sourceTree = "<group>"; };
		DE60B19426871DA900EB01F8 /* Empty.swift */ = {isa = PBXFileReference; lastKnownFileType = sourcecode.swift; path = Empty.swift; sourceTree = "<group>"; };
		DE60B1982687376200EB01F8 /* Onboarding.storyboard */ = {isa = PBXFileReference; lastKnownFileType = file.storyboard; path = Onboarding.storyboard; sourceTree = "<group>"; };
		DE60B19A268745C200EB01F8 /* OnboardingViewController.swift */ = {isa = PBXFileReference; lastKnownFileType = sourcecode.swift; path = OnboardingViewController.swift; sourceTree = "<group>"; };
		DE60B19C2687466300EB01F8 /* OnboardingHeroView.swift */ = {isa = PBXFileReference; lastKnownFileType = sourcecode.swift; path = OnboardingHeroView.swift; sourceTree = "<group>"; };
		DE60B19E2687476200EB01F8 /* OnboardingPageViewController.swift */ = {isa = PBXFileReference; lastKnownFileType = sourcecode.swift; path = OnboardingPageViewController.swift; sourceTree = "<group>"; };
		DE60B1A126874A2700EB01F8 /* NSObject+Extensions.swift */ = {isa = PBXFileReference; lastKnownFileType = sourcecode.swift; path = "NSObject+Extensions.swift"; sourceTree = "<group>"; };
		DE60B1A4268754CB00EB01F8 /* OnboardingViewModel.swift */ = {isa = PBXFileReference; lastKnownFileType = sourcecode.swift; path = OnboardingViewModel.swift; sourceTree = "<group>"; };
		DE60B1A8268755FA00EB01F8 /* Mulish-SemiBold.ttf */ = {isa = PBXFileReference; lastKnownFileType = file; path = "Mulish-SemiBold.ttf"; sourceTree = "<group>"; };
		DE60B1A9268755FA00EB01F8 /* Mulish-Medium.ttf */ = {isa = PBXFileReference; lastKnownFileType = file; path = "Mulish-Medium.ttf"; sourceTree = "<group>"; };
		DE60B1AA268755FA00EB01F8 /* Mulish-LightItalic.ttf */ = {isa = PBXFileReference; lastKnownFileType = file; path = "Mulish-LightItalic.ttf"; sourceTree = "<group>"; };
		DE60B1AB268755FA00EB01F8 /* Mulish-ExtraLightItalic.ttf */ = {isa = PBXFileReference; lastKnownFileType = file; path = "Mulish-ExtraLightItalic.ttf"; sourceTree = "<group>"; };
		DE60B1AC268755FA00EB01F8 /* Mulish-Bold.ttf */ = {isa = PBXFileReference; lastKnownFileType = file; path = "Mulish-Bold.ttf"; sourceTree = "<group>"; };
		DE60B1AD268755FA00EB01F8 /* Mulish-BlackItalic.ttf */ = {isa = PBXFileReference; lastKnownFileType = file; path = "Mulish-BlackItalic.ttf"; sourceTree = "<group>"; };
		DE60B1AE268755FA00EB01F8 /* Mulish-BoldItalic.ttf */ = {isa = PBXFileReference; lastKnownFileType = file; path = "Mulish-BoldItalic.ttf"; sourceTree = "<group>"; };
		DE60B1AF268755FA00EB01F8 /* Mulish-Italic.ttf */ = {isa = PBXFileReference; lastKnownFileType = file; path = "Mulish-Italic.ttf"; sourceTree = "<group>"; };
		DE60B1B0268755FB00EB01F8 /* Mulish-ExtraBoldItalic.ttf */ = {isa = PBXFileReference; lastKnownFileType = file; path = "Mulish-ExtraBoldItalic.ttf"; sourceTree = "<group>"; };
		DE60B1B1268755FB00EB01F8 /* Mulish-SemiBoldItalic.ttf */ = {isa = PBXFileReference; lastKnownFileType = file; path = "Mulish-SemiBoldItalic.ttf"; sourceTree = "<group>"; };
		DE60B1B2268755FB00EB01F8 /* Mulish-Black.ttf */ = {isa = PBXFileReference; lastKnownFileType = file; path = "Mulish-Black.ttf"; sourceTree = "<group>"; };
		DE60B1B3268755FB00EB01F8 /* Mulish-MediumItalic.ttf */ = {isa = PBXFileReference; lastKnownFileType = file; path = "Mulish-MediumItalic.ttf"; sourceTree = "<group>"; };
		DE60B1B4268755FB00EB01F8 /* Mulish-Light.ttf */ = {isa = PBXFileReference; lastKnownFileType = file; path = "Mulish-Light.ttf"; sourceTree = "<group>"; };
		DE60B1B5268755FB00EB01F8 /* Mulish-Regular.ttf */ = {isa = PBXFileReference; lastKnownFileType = file; path = "Mulish-Regular.ttf"; sourceTree = "<group>"; };
		DE60B1B6268755FB00EB01F8 /* Mulish-ExtraLight.ttf */ = {isa = PBXFileReference; lastKnownFileType = file; path = "Mulish-ExtraLight.ttf"; sourceTree = "<group>"; };
		DE60B1B7268755FB00EB01F8 /* Mulish-ExtraBold.ttf */ = {isa = PBXFileReference; lastKnownFileType = file; path = "Mulish-ExtraBold.ttf"; sourceTree = "<group>"; };
		DE60B1CB26875F9F00EB01F8 /* OnboardingPage.swift */ = {isa = PBXFileReference; lastKnownFileType = sourcecode.swift; path = OnboardingPage.swift; sourceTree = "<group>"; };
		DE9C0A902689CB3E00B6AFA0 /* OnboardingCoordinator.swift */ = {isa = PBXFileReference; lastKnownFileType = sourcecode.swift; path = OnboardingCoordinator.swift; sourceTree = "<group>"; };
/* End PBXFileReference section */

/* Begin PBXFrameworksBuildPhase section */
		BB1F1CD0268701B400663EEC /* Frameworks */ = {
			isa = PBXFrameworksBuildPhase;
			buildActionMask = 2147483647;
			files = (
				BB381255268726E70008FDC6 /* Apollo in Frameworks */,
			);
			runOnlyForDeploymentPostprocessing = 0;
		};
		BB1F1CE6268701B500663EEC /* Frameworks */ = {
			isa = PBXFrameworksBuildPhase;
			buildActionMask = 2147483647;
			files = (
			);
			runOnlyForDeploymentPostprocessing = 0;
		};
		BB1F1CF1268701B500663EEC /* Frameworks */ = {
			isa = PBXFrameworksBuildPhase;
			buildActionMask = 2147483647;
			files = (
			);
			runOnlyForDeploymentPostprocessing = 0;
		};
/* End PBXFrameworksBuildPhase section */

/* Begin PBXGroup section */
		BB1F1CCA268701B400663EEC = {
			isa = PBXGroup;
			children = (
				BB1F1CD5268701B400663EEC /* Teacher Workout */,
				BB1F1CEC268701B500663EEC /* Teacher WorkoutTests */,
				BB1F1CF7268701B500663EEC /* Teacher WorkoutUITests */,
				DE60B19226871D7400EB01F8 /* BuildTools */,
				BB1F1CD4268701B400663EEC /* Products */,
			);
			sourceTree = "<group>";
		};
		BB1F1CD4268701B400663EEC /* Products */ = {
			isa = PBXGroup;
			children = (
				BB1F1CD3268701B400663EEC /* Teacher Workout.app */,
				BB1F1CE9268701B500663EEC /* Teacher WorkoutTests.xctest */,
				BB1F1CF4268701B500663EEC /* Teacher WorkoutUITests.xctest */,
			);
			name = Products;
			sourceTree = "<group>";
		};
		BB1F1CD5268701B400663EEC /* Teacher Workout */ = {
			isa = PBXGroup;
			children = (
				BB1F1D06268701D900663EEC /* AppDelegate */,
				BB1F1D072687020E00663EEC /* Features */,
				BB3812562687272B0008FDC6 /* NetworkingLayer */,
				BB38126F26874CE40008FDC6 /* Components */,
				BB29A3DC26876C420063C1A4 /* Localization */,
				BB1F1D082687021A00663EEC /* Resources */,
			);
			path = "Teacher Workout";
			sourceTree = "<group>";
		};
		BB1F1CEC268701B500663EEC /* Teacher WorkoutTests */ = {
			isa = PBXGroup;
			children = (
				BB1F1CED268701B500663EEC /* Teacher_WorkoutTests.swift */,
				BB1F1CEF268701B500663EEC /* Info.plist */,
			);
			path = "Teacher WorkoutTests";
			sourceTree = "<group>";
		};
		BB1F1CF7268701B500663EEC /* Teacher WorkoutUITests */ = {
			isa = PBXGroup;
			children = (
				BB1F1CF8268701B500663EEC /* Teacher_WorkoutUITests.swift */,
				BB1F1CFA268701B500663EEC /* Info.plist */,
			);
			path = "Teacher WorkoutUITests";
			sourceTree = "<group>";
		};
		BB1F1D06268701D900663EEC /* AppDelegate */ = {
			isa = PBXGroup;
			children = (
				BB1F1CD6268701B400663EEC /* AppDelegate.swift */,
				BB38126D26874C930008FDC6 /* ApplicationCoordinator.swift */,
				BB7699AB26875430009DF26F /* SceneDelegate.swift */,
			);
			path = AppDelegate;
			sourceTree = "<group>";
		};
		BB1F1D072687020E00663EEC /* Features */ = {
			isa = PBXGroup;
			children = (
				BB38127926874F4B0008FDC6 /* Discover */,
				BB1F1D0A2687022F00663EEC /* Home */,
				DE60B1962687373A00EB01F8 /* Onboarding */,
				BB38126A268749730008FDC6 /* Menu */,
				BB38127A26874F510008FDC6 /* Profile */,
				BB1F1D092687022A00663EEC /* Splash */,
				DE60B1A026874A1700EB01F8 /* Utils */,
			);
			path = Features;
			sourceTree = "<group>";
		};
		BB1F1D082687021A00663EEC /* Resources */ = {
			isa = PBXGroup;
			children = (
				DE60B1A6268755C400EB01F8 /* Fonts */,
				BB1F1CDF268701B500663EEC /* Assets.xcassets */,
				BB1F1CE4268701B500663EEC /* Info.plist */,
			);
			name = Resources;
			sourceTree = "<group>";
		};
		BB1F1D092687022A00663EEC /* Splash */ = {
			isa = PBXGroup;
			children = (
				BB1F1CE1268701B500663EEC /* LaunchScreen.storyboard */,
			);
			path = Splash;
			sourceTree = "<group>";
		};
		BB1F1D0A2687022F00663EEC /* Home */ = {
			isa = PBXGroup;
			children = (
				BB38127726874F3E0008FDC6 /* Coordinator */,
				BB38127826874F450008FDC6 /* View */,
			);
			path = Home;
			sourceTree = "<group>";
		};
		BB29A3DC26876C420063C1A4 /* Localization */ = {
			isa = PBXGroup;
			children = (
				BB29A3DD26876C4F0063C1A4 /* AppStrings.swift */,
				BB29A3E426876C800063C1A4 /* Localizable.strings */,
			);
			path = Localization;
			sourceTree = "<group>";
		};
		BB3812562687272B0008FDC6 /* NetworkingLayer */ = {
			isa = PBXGroup;
			children = (
				BB381258268727840008FDC6 /* APIService */,
				BB3812572687273A0008FDC6 /* GraphQL */,
			);
			path = NetworkingLayer;
			sourceTree = "<group>";
		};
		BB3812572687273A0008FDC6 /* GraphQL */ = {
			isa = PBXGroup;
			children = (
				BB381264268739580008FDC6 /* API.swift */,
				BB38125E268728440008FDC6 /* GraphAPIService.swift */,
				BB38126226872D980008FDC6 /* ThemesQuery.graphql */,
				BB381267268739A60008FDC6 /* LessonsQuery.graphql */,
			);
			path = GraphQL;
			sourceTree = "<group>";
		};
		BB381258268727840008FDC6 /* APIService */ = {
			isa = PBXGroup;
			children = (
				BB38125C268728200008FDC6 /* Config.swift */,
				BB381259268727A00008FDC6 /* DataProviderProtocol.swift */,
			);
			path = APIService;
			sourceTree = "<group>";
		};
		BB38126A268749730008FDC6 /* Menu */ = {
			isa = PBXGroup;
			children = (
				BB38127326874D3A0008FDC6 /* Coordinator */,
				BB38127426874D400008FDC6 /* View */,
			);
			path = Menu;
			sourceTree = "<group>";
		};
		BB38126F26874CE40008FDC6 /* Components */ = {
			isa = PBXGroup;
			children = (
				BB38127226874D000008FDC6 /* Protocols */,
			);
			path = Components;
			sourceTree = "<group>";
		};
		BB38127226874D000008FDC6 /* Protocols */ = {
			isa = PBXGroup;
			children = (
				BB38127026874CFA0008FDC6 /* Coordinator.swift */,
			);
			path = Protocols;
			sourceTree = "<group>";
		};
		BB38127326874D3A0008FDC6 /* Coordinator */ = {
			isa = PBXGroup;
			children = (
				BB38127526874D7D0008FDC6 /* MenuCoordinator.swift */,
			);
			path = Coordinator;
			sourceTree = "<group>";
		};
		BB38127426874D400008FDC6 /* View */ = {
			isa = PBXGroup;
			children = (
				BB38126B268749CC0008FDC6 /* MenuTabBarController.swift */,
			);
			path = View;
			sourceTree = "<group>";
		};
		BB38127726874F3E0008FDC6 /* Coordinator */ = {
			isa = PBXGroup;
			children = (
				BB29A3E8268773FC0063C1A4 /* HomeCoordinator.swift */,
			);
			path = Coordinator;
			sourceTree = "<group>";
		};
		BB38127826874F450008FDC6 /* View */ = {
			isa = PBXGroup;
			children = (
				BB38127F268751940008FDC6 /* HomeViewController.swift */,
			);
			path = View;
			sourceTree = "<group>";
		};
		BB38127926874F4B0008FDC6 /* Discover */ = {
			isa = PBXGroup;
			children = (
				BB38127B26874F5D0008FDC6 /* Coordinator */,
				BB38127C26874F630008FDC6 /* View */,
			);
			path = Discover;
			sourceTree = "<group>";
		};
		BB38127A26874F510008FDC6 /* Profile */ = {
			isa = PBXGroup;
			children = (
				BB38127D26874F6D0008FDC6 /* Coordinator */,
				BB38127E26874F720008FDC6 /* View */,
			);
			path = Profile;
			sourceTree = "<group>";
		};
		BB38127B26874F5D0008FDC6 /* Coordinator */ = {
			isa = PBXGroup;
			children = (
				BB29A3E6268772B60063C1A4 /* DiscoverCoordinator.swift */,
			);
			path = Coordinator;
			sourceTree = "<group>";
		};
		BB38127C26874F630008FDC6 /* View */ = {
			isa = PBXGroup;
			children = (
				BB381281268751BB0008FDC6 /* DiscoverViewController.swift */,
			);
			path = View;
			sourceTree = "<group>";
		};
		BB38127D26874F6D0008FDC6 /* Coordinator */ = {
			isa = PBXGroup;
			children = (
				BB29A3EA268774590063C1A4 /* ProfileCoordinator.swift */,
			);
			path = Coordinator;
			sourceTree = "<group>";
		};
		BB38127E26874F720008FDC6 /* View */ = {
			isa = PBXGroup;
			children = (
				BB381283268751CD0008FDC6 /* ProfileViewController.swift */,
			);
			path = View;
			sourceTree = "<group>";
		};
		DE60B19226871D7400EB01F8 /* BuildTools */ = {
			isa = PBXGroup;
			children = (
				DE60B19326871D9700EB01F8 /* Package.swift */,
				DE60B19426871DA900EB01F8 /* Empty.swift */,
			);
			path = BuildTools;
			sourceTree = "<group>";
		};
		DE60B1962687373A00EB01F8 /* Onboarding */ = {
			isa = PBXGroup;
			children = (
				DE9C0A8F2689CB2A00B6AFA0 /* Coordinator */,
				DE60B1CA26875F9500EB01F8 /* Model */,
				DE60B1A3268754BE00EB01F8 /* ViewModel */,
				DE60B1972687375100EB01F8 /* View */,
			);
			path = Onboarding;
			sourceTree = "<group>";
		};
		DE60B1972687375100EB01F8 /* View */ = {
			isa = PBXGroup;
			children = (
				DE60B1982687376200EB01F8 /* Onboarding.storyboard */,
				DE60B19C2687466300EB01F8 /* OnboardingHeroView.swift */,
				DE60B19A268745C200EB01F8 /* OnboardingViewController.swift */,
				DE60B19E2687476200EB01F8 /* OnboardingPageViewController.swift */,
			);
			path = View;
			sourceTree = "<group>";
		};
		DE60B1A026874A1700EB01F8 /* Utils */ = {
			isa = PBXGroup;
			children = (
				DE60B1A126874A2700EB01F8 /* NSObject+Extensions.swift */,
			);
			path = Utils;
			sourceTree = "<group>";
		};
		DE60B1A3268754BE00EB01F8 /* ViewModel */ = {
			isa = PBXGroup;
			children = (
				DE60B1A4268754CB00EB01F8 /* OnboardingViewModel.swift */,
			);
			path = ViewModel;
			sourceTree = "<group>";
		};
		DE60B1A6268755C400EB01F8 /* Fonts */ = {
			isa = PBXGroup;
			children = (
				DE60B1A7268755C900EB01F8 /* Mulish */,
			);
			name = Fonts;
			sourceTree = "<group>";
		};
		DE60B1A7268755C900EB01F8 /* Mulish */ = {
			isa = PBXGroup;
			children = (
				DE60B1B2268755FB00EB01F8 /* Mulish-Black.ttf */,
				DE60B1AD268755FA00EB01F8 /* Mulish-BlackItalic.ttf */,
				DE60B1AC268755FA00EB01F8 /* Mulish-Bold.ttf */,
				DE60B1AE268755FA00EB01F8 /* Mulish-BoldItalic.ttf */,
				DE60B1B7268755FB00EB01F8 /* Mulish-ExtraBold.ttf */,
				DE60B1B0268755FB00EB01F8 /* Mulish-ExtraBoldItalic.ttf */,
				DE60B1B6268755FB00EB01F8 /* Mulish-ExtraLight.ttf */,
				DE60B1AB268755FA00EB01F8 /* Mulish-ExtraLightItalic.ttf */,
				DE60B1AF268755FA00EB01F8 /* Mulish-Italic.ttf */,
				DE60B1B4268755FB00EB01F8 /* Mulish-Light.ttf */,
				DE60B1AA268755FA00EB01F8 /* Mulish-LightItalic.ttf */,
				DE60B1A9268755FA00EB01F8 /* Mulish-Medium.ttf */,
				DE60B1B3268755FB00EB01F8 /* Mulish-MediumItalic.ttf */,
				DE60B1B5268755FB00EB01F8 /* Mulish-Regular.ttf */,
				DE60B1A8268755FA00EB01F8 /* Mulish-SemiBold.ttf */,
				DE60B1B1268755FB00EB01F8 /* Mulish-SemiBoldItalic.ttf */,
			);
			name = Mulish;
			sourceTree = "<group>";
		};
		DE60B1CA26875F9500EB01F8 /* Model */ = {
			isa = PBXGroup;
			children = (
				DE60B1CB26875F9F00EB01F8 /* OnboardingPage.swift */,
			);
			path = Model;
			sourceTree = "<group>";
		};
		DE9C0A8F2689CB2A00B6AFA0 /* Coordinator */ = {
			isa = PBXGroup;
			children = (
				DE9C0A902689CB3E00B6AFA0 /* OnboardingCoordinator.swift */,
			);
			path = Coordinator;
			sourceTree = "<group>";
		};
/* End PBXGroup section */

/* Begin PBXNativeTarget section */
		BB1F1CD2268701B400663EEC /* Teacher Workout */ = {
			isa = PBXNativeTarget;
			buildConfigurationList = BB1F1CFD268701B500663EEC /* Build configuration list for PBXNativeTarget "Teacher Workout" */;
			buildPhases = (
				DE60B19526871DB300EB01F8 /* ShellScript */,
				BB1F1CCF268701B400663EEC /* Sources */,
				BB1F1CD0268701B400663EEC /* Frameworks */,
				BB1F1CD1268701B400663EEC /* Resources */,
				BB38126126872C830008FDC6 /* ShellScript */,
			);
			buildRules = (
			);
			dependencies = (
			);
			name = "Teacher Workout";
			packageProductDependencies = (
				BB381254268726E70008FDC6 /* Apollo */,
			);
			productName = "Teacher Workout";
			productReference = BB1F1CD3268701B400663EEC /* Teacher Workout.app */;
			productType = "com.apple.product-type.application";
		};
		BB1F1CE8268701B500663EEC /* Teacher WorkoutTests */ = {
			isa = PBXNativeTarget;
			buildConfigurationList = BB1F1D00268701B500663EEC /* Build configuration list for PBXNativeTarget "Teacher WorkoutTests" */;
			buildPhases = (
				BB1F1CE5268701B500663EEC /* Sources */,
				BB1F1CE6268701B500663EEC /* Frameworks */,
				BB1F1CE7268701B500663EEC /* Resources */,
			);
			buildRules = (
			);
			dependencies = (
				BB1F1CEB268701B500663EEC /* PBXTargetDependency */,
			);
			name = "Teacher WorkoutTests";
			productName = "Teacher WorkoutTests";
			productReference = BB1F1CE9268701B500663EEC /* Teacher WorkoutTests.xctest */;
			productType = "com.apple.product-type.bundle.unit-test";
		};
		BB1F1CF3268701B500663EEC /* Teacher WorkoutUITests */ = {
			isa = PBXNativeTarget;
			buildConfigurationList = BB1F1D03268701B500663EEC /* Build configuration list for PBXNativeTarget "Teacher WorkoutUITests" */;
			buildPhases = (
				BB1F1CF0268701B500663EEC /* Sources */,
				BB1F1CF1268701B500663EEC /* Frameworks */,
				BB1F1CF2268701B500663EEC /* Resources */,
			);
			buildRules = (
			);
			dependencies = (
				BB1F1CF6268701B500663EEC /* PBXTargetDependency */,
			);
			name = "Teacher WorkoutUITests";
			productName = "Teacher WorkoutUITests";
			productReference = BB1F1CF4268701B500663EEC /* Teacher WorkoutUITests.xctest */;
			productType = "com.apple.product-type.bundle.ui-testing";
		};
/* End PBXNativeTarget section */

/* Begin PBXProject section */
		BB1F1CCB268701B400663EEC /* Project object */ = {
			isa = PBXProject;
			attributes = {
				LastSwiftUpdateCheck = 1250;
				LastUpgradeCheck = 1250;
				TargetAttributes = {
					BB1F1CD2268701B400663EEC = {
						CreatedOnToolsVersion = 12.5;
					};
					BB1F1CE8268701B500663EEC = {
						CreatedOnToolsVersion = 12.5;
						TestTargetID = BB1F1CD2268701B400663EEC;
					};
					BB1F1CF3268701B500663EEC = {
						CreatedOnToolsVersion = 12.5;
						TestTargetID = BB1F1CD2268701B400663EEC;
					};
				};
			};
			buildConfigurationList = BB1F1CCE268701B400663EEC /* Build configuration list for PBXProject "Teacher Workout" */;
			compatibilityVersion = "Xcode 9.3";
			developmentRegion = en;
			hasScannedForEncodings = 0;
			knownRegions = (
				en,
				Base,
				ro,
			);
			mainGroup = BB1F1CCA268701B400663EEC;
			packageReferences = (
				BB381253268726E70008FDC6 /* XCRemoteSwiftPackageReference "apollo-ios" */,
			);
			productRefGroup = BB1F1CD4268701B400663EEC /* Products */;
			projectDirPath = "";
			projectRoot = "";
			targets = (
				BB1F1CD2268701B400663EEC /* Teacher Workout */,
				BB1F1CE8268701B500663EEC /* Teacher WorkoutTests */,
				BB1F1CF3268701B500663EEC /* Teacher WorkoutUITests */,
			);
		};
/* End PBXProject section */

/* Begin PBXResourcesBuildPhase section */
		BB1F1CD1268701B400663EEC /* Resources */ = {
			isa = PBXResourcesBuildPhase;
			buildActionMask = 2147483647;
			files = (
				DE60B1C7268755FB00EB01F8 /* Mulish-ExtraBold.ttf in Resources */,
				DE60B1BD268755FB00EB01F8 /* Mulish-BlackItalic.ttf in Resources */,
				DE60B1C1268755FB00EB01F8 /* Mulish-SemiBoldItalic.ttf in Resources */,
				DE60B1BC268755FB00EB01F8 /* Mulish-Bold.ttf in Resources */,
				DE60B1C0268755FB00EB01F8 /* Mulish-ExtraBoldItalic.ttf in Resources */,
				DE60B1BB268755FB00EB01F8 /* Mulish-ExtraLightItalic.ttf in Resources */,
				BB1F1CE3268701B500663EEC /* LaunchScreen.storyboard in Resources */,
				DE60B1B9268755FB00EB01F8 /* Mulish-Medium.ttf in Resources */,
				DE60B1C2268755FB00EB01F8 /* Mulish-Black.ttf in Resources */,
				DE60B1C4268755FB00EB01F8 /* Mulish-Light.ttf in Resources */,
				DE60B1BA268755FB00EB01F8 /* Mulish-LightItalic.ttf in Resources */,
				DE60B1C3268755FB00EB01F8 /* Mulish-MediumItalic.ttf in Resources */,
				DE60B1BF268755FB00EB01F8 /* Mulish-Italic.ttf in Resources */,
				BB1F1CE0268701B500663EEC /* Assets.xcassets in Resources */,
				DE60B1C6268755FB00EB01F8 /* Mulish-ExtraLight.ttf in Resources */,
				DE60B1992687376200EB01F8 /* Onboarding.storyboard in Resources */,
				DE60B1C5268755FB00EB01F8 /* Mulish-Regular.ttf in Resources */,
				DE60B1BE268755FB00EB01F8 /* Mulish-BoldItalic.ttf in Resources */,
				DE60B1B8268755FB00EB01F8 /* Mulish-SemiBold.ttf in Resources */,
				BB29A3E226876C800063C1A4 /* Localizable.strings in Resources */,
				BB1F1CE0268701B500663EEC /* Assets.xcassets in Resources */,
				BB381269268739A60008FDC6 /* LessonsQuery.graphql in Resources */,
				BB38126326872D980008FDC6 /* ThemesQuery.graphql in Resources */,
			);
			runOnlyForDeploymentPostprocessing = 0;
		};
		BB1F1CE7268701B500663EEC /* Resources */ = {
			isa = PBXResourcesBuildPhase;
			buildActionMask = 2147483647;
			files = (
			);
			runOnlyForDeploymentPostprocessing = 0;
		};
		BB1F1CF2268701B500663EEC /* Resources */ = {
			isa = PBXResourcesBuildPhase;
			buildActionMask = 2147483647;
			files = (
			);
			runOnlyForDeploymentPostprocessing = 0;
		};
/* End PBXResourcesBuildPhase section */

/* Begin PBXShellScriptBuildPhase section */
		BB38126126872C830008FDC6 /* ShellScript */ = {
			isa = PBXShellScriptBuildPhase;
			buildActionMask = 2147483647;
			files = (
			);
			inputFileListPaths = (
			);
			inputPaths = (
			);
			outputFileListPaths = (
			);
			outputPaths = (
			);
			runOnlyForDeploymentPostprocessing = 0;
			shellPath = /bin/sh;
			shellScript = "# Go to the build root and search up the chain to find the Derived Data Path where the source packages are checked out.\nDERIVED_DATA_CANDIDATE=\"${BUILD_ROOT}\"\n\nwhile ! [ -d \"${DERIVED_DATA_CANDIDATE}/SourcePackages\" ]; do\n  if [ \"${DERIVED_DATA_CANDIDATE}\" = / ]; then\n    echo >&2 \"error: Unable to locate SourcePackages directory from BUILD_ROOT: '${BUILD_ROOT}'\"\n    exit 1\n  fi\n\n  DERIVED_DATA_CANDIDATE=\"$(dirname \"${DERIVED_DATA_CANDIDATE}\")\"\ndone\n\n# Grab a reference to the directory where scripts are checked out\nSCRIPT_PATH=\"${DERIVED_DATA_CANDIDATE}/SourcePackages/checkouts/apollo-ios/scripts\"\n\nif [ -z \"${SCRIPT_PATH}\" ]; then\n    echo >&2 \"error: Couldn't find the CLI script in your checked out SPM packages; make sure to add the framework to your project.\"\n    exit 1\nfi\n\ncd \"${SRCROOT}/${TARGET_NAME}/NetworkingLayer/GraphQL\"\n\"${SCRIPT_PATH}\"/run-bundled-codegen.sh codegen:generate --target=swift --includes=./**/*.graphql --localSchemaFile=\"schema.json\" API.swift\n\n\n";
		};
		DE60B19526871DB300EB01F8 /* ShellScript */ = {
			isa = PBXShellScriptBuildPhase;
			buildActionMask = 2147483647;
			files = (
			);
			inputFileListPaths = (
			);
			inputPaths = (
			);
			outputFileListPaths = (
			);
			outputPaths = (
			);
			runOnlyForDeploymentPostprocessing = 0;
			shellPath = /bin/sh;
			shellScript = "# Type a script or drag a script file from your workspace to insert its path.\ncd BuildTools\nSDKROOT=macosx\n#swift package update #Uncomment this line temporarily to update the version used to the latest matching your BuildTools/Package.swift file\nswift run -c release swiftformat \"$SRCROOT\"\n";
		};
/* End PBXShellScriptBuildPhase section */

/* Begin PBXSourcesBuildPhase section */
		BB1F1CCF268701B400663EEC /* Sources */ = {
			isa = PBXSourcesBuildPhase;
			buildActionMask = 2147483647;
			files = (
				BB38125A268727A00008FDC6 /* DataProviderProtocol.swift in Sources */,
				BB38125D268728200008FDC6 /* Config.swift in Sources */,
				BB1F1CD7268701B400663EEC /* AppDelegate.swift in Sources */,
				DE60B1CC26875F9F00EB01F8 /* OnboardingPage.swift in Sources */,
				DE60B1A226874A2700EB01F8 /* NSObject+Extensions.swift in Sources */,
				DE60B1A5268754CB00EB01F8 /* OnboardingViewModel.swift in Sources */,
				DE60B19D2687466300EB01F8 /* OnboardingHeroView.swift in Sources */,
				DE60B19F2687476200EB01F8 /* OnboardingPageViewController.swift in Sources */,
				DE60B19B268745C200EB01F8 /* OnboardingViewController.swift in Sources */,
				BB38125F268728440008FDC6 /* GraphAPIService.swift in Sources */,
				BB29A3EB268774590063C1A4 /* ProfileCoordinator.swift in Sources */,
				BB381265268739580008FDC6 /* API.swift in Sources */,
				BB38127626874D7D0008FDC6 /* MenuCoordinator.swift in Sources */,
				DE9C0A912689CB3E00B6AFA0 /* OnboardingCoordinator.swift in Sources */,
				BB7699AC26875430009DF26F /* SceneDelegate.swift in Sources */,
				BB38126C268749CC0008FDC6 /* MenuTabBarController.swift in Sources */,
				BB38127126874CFA0008FDC6 /* Coordinator.swift in Sources */,
				BB381282268751BB0008FDC6 /* DiscoverViewController.swift in Sources */,
				BB381284268751CD0008FDC6 /* ProfileViewController.swift in Sources */,
				BB381280268751940008FDC6 /* HomeViewController.swift in Sources */,
				BB29A3E7268772B60063C1A4 /* DiscoverCoordinator.swift in Sources */,
				BB29A3E9268773FC0063C1A4 /* HomeCoordinator.swift in Sources */,
				BB29A3DE26876C4F0063C1A4 /* AppStrings.swift in Sources */,
				BB38126E26874C930008FDC6 /* ApplicationCoordinator.swift in Sources */,
			);
			runOnlyForDeploymentPostprocessing = 0;
		};
		BB1F1CE5268701B500663EEC /* Sources */ = {
			isa = PBXSourcesBuildPhase;
			buildActionMask = 2147483647;
			files = (
				BB1F1CEE268701B500663EEC /* Teacher_WorkoutTests.swift in Sources */,
			);
			runOnlyForDeploymentPostprocessing = 0;
		};
		BB1F1CF0268701B500663EEC /* Sources */ = {
			isa = PBXSourcesBuildPhase;
			buildActionMask = 2147483647;
			files = (
				BB1F1CF9268701B500663EEC /* Teacher_WorkoutUITests.swift in Sources */,
			);
			runOnlyForDeploymentPostprocessing = 0;
		};
/* End PBXSourcesBuildPhase section */

/* Begin PBXTargetDependency section */
		BB1F1CEB268701B500663EEC /* PBXTargetDependency */ = {
			isa = PBXTargetDependency;
			target = BB1F1CD2268701B400663EEC /* Teacher Workout */;
			targetProxy = BB1F1CEA268701B500663EEC /* PBXContainerItemProxy */;
		};
		BB1F1CF6268701B500663EEC /* PBXTargetDependency */ = {
			isa = PBXTargetDependency;
			target = BB1F1CD2268701B400663EEC /* Teacher Workout */;
			targetProxy = BB1F1CF5268701B500663EEC /* PBXContainerItemProxy */;
		};
/* End PBXTargetDependency section */

/* Begin PBXVariantGroup section */
		BB1F1CE1268701B500663EEC /* LaunchScreen.storyboard */ = {
			isa = PBXVariantGroup;
			children = (
				BB1F1CE2268701B500663EEC /* Base */,
				BB29A3DF26876C6E0063C1A4 /* ro */,
			);
			name = LaunchScreen.storyboard;
			sourceTree = "<group>";
		};
		BB29A3E426876C800063C1A4 /* Localizable.strings */ = {
			isa = PBXVariantGroup;
			children = (
				BB29A3E326876C800063C1A4 /* en */,
				BB29A3E526876C830063C1A4 /* ro */,
			);
			name = Localizable.strings;
			sourceTree = "<group>";
		};
/* End PBXVariantGroup section */

/* Begin XCBuildConfiguration section */
		BB1F1CFB268701B500663EEC /* Debug */ = {
			isa = XCBuildConfiguration;
			buildSettings = {
				ALWAYS_SEARCH_USER_PATHS = NO;
				CLANG_ANALYZER_LOCALIZABILITY_NONLOCALIZED = YES;
				CLANG_ANALYZER_NONNULL = YES;
				CLANG_ANALYZER_NUMBER_OBJECT_CONVERSION = YES_AGGRESSIVE;
				CLANG_CXX_LANGUAGE_STANDARD = "gnu++14";
				CLANG_CXX_LIBRARY = "libc++";
				CLANG_ENABLE_MODULES = YES;
				CLANG_ENABLE_OBJC_ARC = YES;
				CLANG_ENABLE_OBJC_WEAK = YES;
				CLANG_WARN_BLOCK_CAPTURE_AUTORELEASING = YES;
				CLANG_WARN_BOOL_CONVERSION = YES;
				CLANG_WARN_COMMA = YES;
				CLANG_WARN_CONSTANT_CONVERSION = YES;
				CLANG_WARN_DEPRECATED_OBJC_IMPLEMENTATIONS = YES;
				CLANG_WARN_DIRECT_OBJC_ISA_USAGE = YES_ERROR;
				CLANG_WARN_DOCUMENTATION_COMMENTS = YES;
				CLANG_WARN_EMPTY_BODY = YES;
				CLANG_WARN_ENUM_CONVERSION = YES;
				CLANG_WARN_INFINITE_RECURSION = YES;
				CLANG_WARN_INT_CONVERSION = YES;
				CLANG_WARN_NON_LITERAL_NULL_CONVERSION = YES;
				CLANG_WARN_OBJC_IMPLICIT_RETAIN_SELF = YES;
				CLANG_WARN_OBJC_LITERAL_CONVERSION = YES;
				CLANG_WARN_OBJC_ROOT_CLASS = YES_ERROR;
				CLANG_WARN_QUOTED_INCLUDE_IN_FRAMEWORK_HEADER = YES;
				CLANG_WARN_RANGE_LOOP_ANALYSIS = YES;
				CLANG_WARN_STRICT_PROTOTYPES = YES;
				CLANG_WARN_SUSPICIOUS_MOVE = YES;
				CLANG_WARN_UNGUARDED_AVAILABILITY = YES_AGGRESSIVE;
				CLANG_WARN_UNREACHABLE_CODE = YES;
				CLANG_WARN__DUPLICATE_METHOD_MATCH = YES;
				COPY_PHASE_STRIP = NO;
				DEBUG_INFORMATION_FORMAT = dwarf;
				ENABLE_STRICT_OBJC_MSGSEND = YES;
				ENABLE_TESTABILITY = YES;
				GCC_C_LANGUAGE_STANDARD = gnu11;
				GCC_DYNAMIC_NO_PIC = NO;
				GCC_NO_COMMON_BLOCKS = YES;
				GCC_OPTIMIZATION_LEVEL = 0;
				GCC_PREPROCESSOR_DEFINITIONS = (
					"DEBUG=1",
					"$(inherited)",
				);
				GCC_WARN_64_TO_32_BIT_CONVERSION = YES;
				GCC_WARN_ABOUT_RETURN_TYPE = YES_ERROR;
				GCC_WARN_UNDECLARED_SELECTOR = YES;
				GCC_WARN_UNINITIALIZED_AUTOS = YES_AGGRESSIVE;
				GCC_WARN_UNUSED_FUNCTION = YES;
				GCC_WARN_UNUSED_VARIABLE = YES;
				IPHONEOS_DEPLOYMENT_TARGET = 14.1;
				MTL_ENABLE_DEBUG_INFO = INCLUDE_SOURCE;
				MTL_FAST_MATH = YES;
				ONLY_ACTIVE_ARCH = YES;
				SDKROOT = iphoneos;
				SWIFT_ACTIVE_COMPILATION_CONDITIONS = DEBUG;
				SWIFT_OPTIMIZATION_LEVEL = "-Onone";
				SWIFT_VERSION = 5.0;
			};
			name = Debug;
		};
		BB1F1CFC268701B500663EEC /* Release */ = {
			isa = XCBuildConfiguration;
			buildSettings = {
				ALWAYS_SEARCH_USER_PATHS = NO;
				CLANG_ANALYZER_LOCALIZABILITY_NONLOCALIZED = YES;
				CLANG_ANALYZER_NONNULL = YES;
				CLANG_ANALYZER_NUMBER_OBJECT_CONVERSION = YES_AGGRESSIVE;
				CLANG_CXX_LANGUAGE_STANDARD = "gnu++14";
				CLANG_CXX_LIBRARY = "libc++";
				CLANG_ENABLE_MODULES = YES;
				CLANG_ENABLE_OBJC_ARC = YES;
				CLANG_ENABLE_OBJC_WEAK = YES;
				CLANG_WARN_BLOCK_CAPTURE_AUTORELEASING = YES;
				CLANG_WARN_BOOL_CONVERSION = YES;
				CLANG_WARN_COMMA = YES;
				CLANG_WARN_CONSTANT_CONVERSION = YES;
				CLANG_WARN_DEPRECATED_OBJC_IMPLEMENTATIONS = YES;
				CLANG_WARN_DIRECT_OBJC_ISA_USAGE = YES_ERROR;
				CLANG_WARN_DOCUMENTATION_COMMENTS = YES;
				CLANG_WARN_EMPTY_BODY = YES;
				CLANG_WARN_ENUM_CONVERSION = YES;
				CLANG_WARN_INFINITE_RECURSION = YES;
				CLANG_WARN_INT_CONVERSION = YES;
				CLANG_WARN_NON_LITERAL_NULL_CONVERSION = YES;
				CLANG_WARN_OBJC_IMPLICIT_RETAIN_SELF = YES;
				CLANG_WARN_OBJC_LITERAL_CONVERSION = YES;
				CLANG_WARN_OBJC_ROOT_CLASS = YES_ERROR;
				CLANG_WARN_QUOTED_INCLUDE_IN_FRAMEWORK_HEADER = YES;
				CLANG_WARN_RANGE_LOOP_ANALYSIS = YES;
				CLANG_WARN_STRICT_PROTOTYPES = YES;
				CLANG_WARN_SUSPICIOUS_MOVE = YES;
				CLANG_WARN_UNGUARDED_AVAILABILITY = YES_AGGRESSIVE;
				CLANG_WARN_UNREACHABLE_CODE = YES;
				CLANG_WARN__DUPLICATE_METHOD_MATCH = YES;
				COPY_PHASE_STRIP = NO;
				DEBUG_INFORMATION_FORMAT = "dwarf-with-dsym";
				ENABLE_NS_ASSERTIONS = NO;
				ENABLE_STRICT_OBJC_MSGSEND = YES;
				GCC_C_LANGUAGE_STANDARD = gnu11;
				GCC_NO_COMMON_BLOCKS = YES;
				GCC_WARN_64_TO_32_BIT_CONVERSION = YES;
				GCC_WARN_ABOUT_RETURN_TYPE = YES_ERROR;
				GCC_WARN_UNDECLARED_SELECTOR = YES;
				GCC_WARN_UNINITIALIZED_AUTOS = YES_AGGRESSIVE;
				GCC_WARN_UNUSED_FUNCTION = YES;
				GCC_WARN_UNUSED_VARIABLE = YES;
				IPHONEOS_DEPLOYMENT_TARGET = 14.1;
				MTL_ENABLE_DEBUG_INFO = NO;
				MTL_FAST_MATH = YES;
				SDKROOT = iphoneos;
				SWIFT_COMPILATION_MODE = wholemodule;
				SWIFT_OPTIMIZATION_LEVEL = "-O";
				SWIFT_VERSION = 5.0;
				VALIDATE_PRODUCT = YES;
			};
			name = Release;
		};
		BB1F1CFE268701B500663EEC /* Debug */ = {
			isa = XCBuildConfiguration;
			buildSettings = {
				ASSETCATALOG_COMPILER_APPICON_NAME = AppIcon;
				ASSETCATALOG_COMPILER_GLOBAL_ACCENT_COLOR_NAME = AccentColor;
				CODE_SIGN_STYLE = Automatic;
				INFOPLIST_FILE = "Teacher Workout/Info.plist";
				LD_RUNPATH_SEARCH_PATHS = (
					"$(inherited)",
					"@executable_path/Frameworks",
				);
				PRODUCT_BUNDLE_IDENTIFIER = "com.code.Teacher-Workout";
				PRODUCT_NAME = "$(TARGET_NAME)";
				TARGETED_DEVICE_FAMILY = 1;
			};
			name = Debug;
		};
		BB1F1CFF268701B500663EEC /* Release */ = {
			isa = XCBuildConfiguration;
			buildSettings = {
				ASSETCATALOG_COMPILER_APPICON_NAME = AppIcon;
				ASSETCATALOG_COMPILER_GLOBAL_ACCENT_COLOR_NAME = AccentColor;
				CODE_SIGN_STYLE = Automatic;
				INFOPLIST_FILE = "Teacher Workout/Info.plist";
				LD_RUNPATH_SEARCH_PATHS = (
					"$(inherited)",
					"@executable_path/Frameworks",
				);
				PRODUCT_BUNDLE_IDENTIFIER = "com.code.Teacher-Workout";
				PRODUCT_NAME = "$(TARGET_NAME)";
				TARGETED_DEVICE_FAMILY = 1;
			};
			name = Release;
		};
		BB1F1D01268701B500663EEC /* Debug */ = {
			isa = XCBuildConfiguration;
			buildSettings = {
				ALWAYS_EMBED_SWIFT_STANDARD_LIBRARIES = YES;
				BUNDLE_LOADER = "$(TEST_HOST)";
				CODE_SIGN_STYLE = Automatic;
				INFOPLIST_FILE = "Teacher WorkoutTests/Info.plist";
				LD_RUNPATH_SEARCH_PATHS = (
					"$(inherited)",
					"@executable_path/Frameworks",
					"@loader_path/Frameworks",
				);
				PRODUCT_BUNDLE_IDENTIFIER = "com.code.Teacher-WorkoutTests";
				PRODUCT_NAME = "$(TARGET_NAME)";
				TARGETED_DEVICE_FAMILY = "1,2";
				TEST_HOST = "$(BUILT_PRODUCTS_DIR)/Teacher Workout.app/Teacher Workout";
			};
			name = Debug;
		};
		BB1F1D02268701B500663EEC /* Release */ = {
			isa = XCBuildConfiguration;
			buildSettings = {
				ALWAYS_EMBED_SWIFT_STANDARD_LIBRARIES = YES;
				BUNDLE_LOADER = "$(TEST_HOST)";
				CODE_SIGN_STYLE = Automatic;
				INFOPLIST_FILE = "Teacher WorkoutTests/Info.plist";
				LD_RUNPATH_SEARCH_PATHS = (
					"$(inherited)",
					"@executable_path/Frameworks",
					"@loader_path/Frameworks",
				);
				PRODUCT_BUNDLE_IDENTIFIER = "com.code.Teacher-WorkoutTests";
				PRODUCT_NAME = "$(TARGET_NAME)";
				TARGETED_DEVICE_FAMILY = "1,2";
				TEST_HOST = "$(BUILT_PRODUCTS_DIR)/Teacher Workout.app/Teacher Workout";
			};
			name = Release;
		};
		BB1F1D04268701B500663EEC /* Debug */ = {
			isa = XCBuildConfiguration;
			buildSettings = {
				ALWAYS_EMBED_SWIFT_STANDARD_LIBRARIES = YES;
				CODE_SIGN_STYLE = Automatic;
				INFOPLIST_FILE = "Teacher WorkoutUITests/Info.plist";
				LD_RUNPATH_SEARCH_PATHS = (
					"$(inherited)",
					"@executable_path/Frameworks",
					"@loader_path/Frameworks",
				);
				PRODUCT_BUNDLE_IDENTIFIER = "com.code.Teacher-WorkoutUITests";
				PRODUCT_NAME = "$(TARGET_NAME)";
				TARGETED_DEVICE_FAMILY = "1,2";
				TEST_TARGET_NAME = "Teacher Workout";
			};
			name = Debug;
		};
		BB1F1D05268701B500663EEC /* Release */ = {
			isa = XCBuildConfiguration;
			buildSettings = {
				ALWAYS_EMBED_SWIFT_STANDARD_LIBRARIES = YES;
				CODE_SIGN_STYLE = Automatic;
				INFOPLIST_FILE = "Teacher WorkoutUITests/Info.plist";
				LD_RUNPATH_SEARCH_PATHS = (
					"$(inherited)",
					"@executable_path/Frameworks",
					"@loader_path/Frameworks",
				);
				PRODUCT_BUNDLE_IDENTIFIER = "com.code.Teacher-WorkoutUITests";
				PRODUCT_NAME = "$(TARGET_NAME)";
				TARGETED_DEVICE_FAMILY = "1,2";
				TEST_TARGET_NAME = "Teacher Workout";
			};
			name = Release;
		};
/* End XCBuildConfiguration section */

/* Begin XCConfigurationList section */
		BB1F1CCE268701B400663EEC /* Build configuration list for PBXProject "Teacher Workout" */ = {
			isa = XCConfigurationList;
			buildConfigurations = (
				BB1F1CFB268701B500663EEC /* Debug */,
				BB1F1CFC268701B500663EEC /* Release */,
			);
			defaultConfigurationIsVisible = 0;
			defaultConfigurationName = Release;
		};
		BB1F1CFD268701B500663EEC /* Build configuration list for PBXNativeTarget "Teacher Workout" */ = {
			isa = XCConfigurationList;
			buildConfigurations = (
				BB1F1CFE268701B500663EEC /* Debug */,
				BB1F1CFF268701B500663EEC /* Release */,
			);
			defaultConfigurationIsVisible = 0;
			defaultConfigurationName = Release;
		};
		BB1F1D00268701B500663EEC /* Build configuration list for PBXNativeTarget "Teacher WorkoutTests" */ = {
			isa = XCConfigurationList;
			buildConfigurations = (
				BB1F1D01268701B500663EEC /* Debug */,
				BB1F1D02268701B500663EEC /* Release */,
			);
			defaultConfigurationIsVisible = 0;
			defaultConfigurationName = Release;
		};
		BB1F1D03268701B500663EEC /* Build configuration list for PBXNativeTarget "Teacher WorkoutUITests" */ = {
			isa = XCConfigurationList;
			buildConfigurations = (
				BB1F1D04268701B500663EEC /* Debug */,
				BB1F1D05268701B500663EEC /* Release */,
			);
			defaultConfigurationIsVisible = 0;
			defaultConfigurationName = Release;
		};
/* End XCConfigurationList section */

/* Begin XCRemoteSwiftPackageReference section */
		BB381253268726E70008FDC6 /* XCRemoteSwiftPackageReference "apollo-ios" */ = {
			isa = XCRemoteSwiftPackageReference;
			repositoryURL = "https://github.com/apollographql/apollo-ios.git";
			requirement = {
				kind = upToNextMajorVersion;
				minimumVersion = 0.44.0;
			};
		};
/* End XCRemoteSwiftPackageReference section */

/* Begin XCSwiftPackageProductDependency section */
		BB381254268726E70008FDC6 /* Apollo */ = {
			isa = XCSwiftPackageProductDependency;
			package = BB381253268726E70008FDC6 /* XCRemoteSwiftPackageReference "apollo-ios" */;
			productName = Apollo;
		};
/* End XCSwiftPackageProductDependency section */
	};
	rootObject = BB1F1CCB268701B400663EEC /* Project object */;
}
